
Microsoft Visual Studio Solution File, Format Version 10.00
# Visual C++ Express 2008
Project("{8BC9CEB8-8B4A-11D0-8D11-00A0C91BC942}") = "c5_1", "c5\c5.vcproj", "{253A64D9-FA76-470A-85FA-D4D21587BF8A}"
EndProject
Project("{8BC9CEB8-8B4A-11D0-8D11-00A0C91BC942}") = "c5_2", "c5_3\c5_3.vcproj", "{9B759FE8-925E-440A-9321-518823A0047A}"
EndProject
Project("{8BC9CEB8-8B4A-11D0-8D11-00A0C91BC942}") = "c5_3_1", "c5_3_1\c5_3_1.vcproj", "{D53ADEBA-EC73-40A2-AC80-91B11A344FEC}"
EndProject
Project("{8BC9CEB8-8B4A-11D0-8D11-00A0C91BC942}") = "c5_4", "c5_4\c5_4.vcproj", "{44C0E253-5762-4691-8DD0-594DDC340F14}"
EndProject
Project("{8BC9CEB8-8B4A-11D0-8D11-00A0C91BC942}") = "c5_5", "c5_5\c5_5.vcproj", "{A45F4BD2-920B-484C-BCFB-0F7748538684}"
EndProject
Project("{8BC9CEB8-8B4A-11D0-8D11-00A0C91BC942}") = "c5_6", "c5_6\c5_6.vcproj", "{9AB92853-3DD6-4D81-8EBA-AA97FDA032A2}"
EndProject
Project("{8BC9CEB8-8B4A-11D0-8D11-00A0C91BC942}") = "c5_7", "c5_7\c5_7.vcproj", "{EDA62C71-1F34-423B-80FB-8D4B7B1B4AE4}"
EndProject
Project("{8BC9CEB8-8B4A-11D0-8D11-00A0C91BC942}") = "c5_8", "c5_8\c5_8.vcproj", "{D08FB385-1609-43AF-B324-85755C276A0D}"
EndProject
Project("{8BC9CEB8-8B4A-11D0-8D11-00A0C91BC942}") = "c5_9", "c5_9\c5_9.vcproj", "{26F77F16-A425-4972-B971-9EE2CBF96715}"
EndProject
Project("{8BC9CEB8-8B4A-11D0-8D11-00A0C91BC942}") = "c5_10", "c5_10\c5_10.vcproj", "{34F09B1E-5E3A-4A61-AD71-1F9F43596A45}"
EndProject
Project("{8BC9CEB8-8B4A-11D0-8D11-00A0C91BC942}") = "c5_11", "c5_11\c5_11.vcproj", "{A58F88CF-777D-4CC9-AA78-FB1676B5E678}"
EndProject
Project("{8BC9CEB8-8B4A-11D0-8D11-00A0C91BC942}") = "c5_12", "c5_12\c5_12.vcproj", "{9533DFBB-CDB5-42E0-8318-82F52E28FDEC}"
EndProject
Project("{8BC9CEB8-8B4A-11D0-8D11-00A0C91BC942}") = "c5_13", "c5_13\c5_13.vcproj", "{2DBA3E0D-1590-4066-A3B8-1BB93C954F78}"
EndProject
Project("{8BC9CEB8-8B4A-11D0-8D11-00A0C91BC942}") = "c5_14", "c5_14\c5_14.vcproj", "{8D5D36FB-83E0-47DC-B88B-BC0E4F7A30FA}"
EndProject
Project("{8BC9CEB8-8B4A-11D0-8D11-00A0C91BC942}") = "c5_15", "c5_15\c5_15.vcproj", "{057E34B2-7127-4597-B3E0-5DB6F155D296}"
EndProject
Project("{8BC9CEB8-8B4A-11D0-8D11-00A0C91BC942}") = "c5_16", "c5_16\c5_16.vcproj", "{D0DA784E-C92C-41F2-9098-CB76FD823BFA}"
EndProject
Project("{8BC9CEB8-8B4A-11D0-8D11-00A0C91BC942}") = "c5_17", "c5_17\c5_17.vcproj", "{90D76084-412F-46FB-A53F-633744B14824}"
EndProject
Project("{8BC9CEB8-8B4A-11D0-8D11-00A0C91BC942}") = "c5_18", "c5_18\c5_18.vcproj", "{B17B5274-3457-47A2-9A50-290501AFC248}"
EndProject
Project("{8BC9CEB8-8B4A-11D0-8D11-00A0C91BC942}") = "c5_19", "c5_19\c5_19.vcproj", "{985ED1D3-CC4E-44EA-828F-1BF9A30DD48D}"
EndProject
Project("{8BC9CEB8-8B4A-11D0-8D11-00A0C91BC942}") = "c5_20", "c5_20\c5_20.vcproj", "{3F808B84-3A9F-4329-9ADE-2DD4E57E2B77}"
EndProject
Project("{8BC9CEB8-8B4A-11D0-8D11-00A0C91BC942}") = "c5-21", "c5-21\c5-21.vcproj", "{9DB24442-D7A0-4597-B434-CFD0DE84F876}"
EndProject
Project("{8BC9CEB8-8B4A-11D0-8D11-00A0C91BC942}") = "c5_22", "c5_22\c5_22.vcproj", "{1523282C-0347-45A8-A36A-9F985CAB53AC}"
EndProject
Project("{8BC9CEB8-8B4A-11D0-8D11-00A0C91BC942}") = "c5_23", "c5_23\c5_23.vcproj", "{2F410520-A81C-4EF5-A943-41B8B39C3AC6}"
EndProject
Project("{8BC9CEB8-8B4A-11D0-8D11-00A0C91BC942}") = "homework5_1", "homework5_1\homework5_1.vcproj", "{A5421841-E851-4010-A1CC-F28C0C69FA59}"
EndProject
Project("{8BC9CEB8-8B4A-11D0-8D11-00A0C91BC942}") = "homework5_2", "homework5_2\homework5_2.vcproj", "{D17CB211-93F4-4DA2-B81C-8B481B41C33B}"
EndProject
Project("{8BC9CEB8-8B4A-11D0-8D11-00A0C91BC942}") = "homework5_3", "homework5_3\homework5_3.vcproj", "{64ECB4E6-BA50-4DE2-95A4-B6F4DAD07EA8}"
EndProject
Project("{8BC9CEB8-8B4A-11D0-8D11-00A0C91BC942}") = "homework5_4", "homework5_4\homework5_4.vcproj", "{67422D05-77F6-4C0B-B00A-11DE9FA8DCE7}"
EndProject
Project("{8BC9CEB8-8B4A-11D0-8D11-00A0C91BC942}") = "homework5_5", "homework5_5\homework5_5.vcproj", "{BB03ACE3-D8A7-4BA3-A785-0C3F4EFBAA19}"
EndProject
Project("{8BC9CEB8-8B4A-11D0-8D11-00A0C91BC942}") = "homework5_6", "homework5_6\homework5_6.vcproj", "{5E3CCFD0-65B0-433E-8935-780B955F0857}"
EndProject
Project("{8BC9CEB8-8B4A-11D0-8D11-00A0C91BC942}") = "homework5_7", "homework5_7\homework5_7.vcproj", "{69DA6897-2CEB-43C5-A84A-C4604F3A3DC9}"
EndProject
Project("{8BC9CEB8-8B4A-11D0-8D11-00A0C91BC942}") = "homework5_8", "homework5_8\homework5_8.vcproj", "{783C552B-0379-4E66-8F02-176BAD1D6E73}"
EndProject
Project("{8BC9CEB8-8B4A-11D0-8D11-00A0C91BC942}") = "homework5_9", "homework5_9\homework5_9.vcproj", "{5FA35169-7107-4824-BAED-0A5E63448409}"
EndProject
Global
	GlobalSection(SolutionConfigurationPlatforms) = preSolution
		Debug|Win32 = Debug|Win32
		Release|Win32 = Release|Win32
	EndGlobalSection
	GlobalSection(ProjectConfigurationPlatforms) = postSolution
		{253A64D9-FA76-470A-85FA-D4D21587BF8A}.Debug|Win32.ActiveCfg = Debug|Win32
		{253A64D9-FA76-470A-85FA-D4D21587BF8A}.Debug|Win32.Build.0 = Debug|Win32
		{253A64D9-FA76-470A-85FA-D4D21587BF8A}.Release|Win32.ActiveCfg = Release|Win32
		{253A64D9-FA76-470A-85FA-D4D21587BF8A}.Release|Win32.Build.0 = Release|Win32
		{9B759FE8-925E-440A-9321-518823A0047A}.Debug|Win32.ActiveCfg = Debug|Win32
		{9B759FE8-925E-440A-9321-518823A0047A}.Debug|Win32.Build.0 = Debug|Win32
		{9B759FE8-925E-440A-9321-518823A0047A}.Release|Win32.ActiveCfg = Release|Win32
		{9B759FE8-925E-440A-9321-518823A0047A}.Release|Win32.Build.0 = Release|Win32
		{D53ADEBA-EC73-40A2-AC80-91B11A344FEC}.Debug|Win32.ActiveCfg = Debug|Win32
		{D53ADEBA-EC73-40A2-AC80-91B11A344FEC}.Debug|Win32.Build.0 = Debug|Win32
		{D53ADEBA-EC73-40A2-AC80-91B11A344FEC}.Release|Win32.ActiveCfg = Release|Win32
		{D53ADEBA-EC73-40A2-AC80-91B11A344FEC}.Release|Win32.Build.0 = Release|Win32
		{44C0E253-5762-4691-8DD0-594DDC340F14}.Debug|Win32.ActiveCfg = Debug|Win32
		{44C0E253-5762-4691-8DD0-594DDC340F14}.Debug|Win32.Build.0 = Debug|Win32
		{44C0E253-5762-4691-8DD0-594DDC340F14}.Release|Win32.ActiveCfg = Release|Win32
		{44C0E253-5762-4691-8DD0-594DDC340F14}.Release|Win32.Build.0 = Release|Win32
		{A45F4BD2-920B-484C-BCFB-0F7748538684}.Debug|Win32.ActiveCfg = Debug|Win32
		{A45F4BD2-920B-484C-BCFB-0F7748538684}.Debug|Win32.Build.0 = Debug|Win32
		{A45F4BD2-920B-484C-BCFB-0F7748538684}.Release|Win32.ActiveCfg = Release|Win32
		{A45F4BD2-920B-484C-BCFB-0F7748538684}.Release|Win32.Build.0 = Release|Win32
		{9AB92853-3DD6-4D81-8EBA-AA97FDA032A2}.Debug|Win32.ActiveCfg = Debug|Win32
		{9AB92853-3DD6-4D81-8EBA-AA97FDA032A2}.Debug|Win32.Build.0 = Debug|Win32
		{9AB92853-3DD6-4D81-8EBA-AA97FDA032A2}.Release|Win32.ActiveCfg = Release|Win32
		{9AB92853-3DD6-4D81-8EBA-AA97FDA032A2}.Release|Win32.Build.0 = Release|Win32
		{EDA62C71-1F34-423B-80FB-8D4B7B1B4AE4}.Debug|Win32.ActiveCfg = Debug|Win32
		{EDA62C71-1F34-423B-80FB-8D4B7B1B4AE4}.Debug|Win32.Build.0 = Debug|Win32
		{EDA62C71-1F34-423B-80FB-8D4B7B1B4AE4}.Release|Win32.ActiveCfg = Release|Win32
		{EDA62C71-1F34-423B-80FB-8D4B7B1B4AE4}.Release|Win32.Build.0 = Release|Win32
		{D08FB385-1609-43AF-B324-85755C276A0D}.Debug|Win32.ActiveCfg = Debug|Win32
		{D08FB385-1609-43AF-B324-85755C276A0D}.Debug|Win32.Build.0 = Debug|Win32
		{D08FB385-1609-43AF-B324-85755C276A0D}.Release|Win32.ActiveCfg = Release|Win32
		{D08FB385-1609-43AF-B324-85755C276A0D}.Release|Win32.Build.0 = Release|Win32
		{26F77F16-A425-4972-B971-9EE2CBF96715}.Debug|Win32.ActiveCfg = Debug|Win32
		{26F77F16-A425-4972-B971-9EE2CBF96715}.Debug|Win32.Build.0 = Debug|Win32
		{26F77F16-A425-4972-B971-9EE2CBF96715}.Release|Win32.ActiveCfg = Release|Win32
		{26F77F16-A425-4972-B971-9EE2CBF96715}.Release|Win32.Build.0 = Release|Win32
		{34F09B1E-5E3A-4A61-AD71-1F9F43596A45}.Debug|Win32.ActiveCfg = Debug|Win32
		{34F09B1E-5E3A-4A61-AD71-1F9F43596A45}.Debug|Win32.Build.0 = Debug|Win32
		{34F09B1E-5E3A-4A61-AD71-1F9F43596A45}.Release|Win32.ActiveCfg = Release|Win32
		{34F09B1E-5E3A-4A61-AD71-1F9F43596A45}.Release|Win32.Build.0 = Release|Win32
		{A58F88CF-777D-4CC9-AA78-FB1676B5E678}.Debug|Win32.ActiveCfg = Debug|Win32
		{A58F88CF-777D-4CC9-AA78-FB1676B5E678}.Debug|Win32.Build.0 = Debug|Win32
		{A58F88CF-777D-4CC9-AA78-FB1676B5E678}.Release|Win32.ActiveCfg = Release|Win32
		{A58F88CF-777D-4CC9-AA78-FB1676B5E678}.Release|Win32.Build.0 = Release|Win32
		{9533DFBB-CDB5-42E0-8318-82F52E28FDEC}.Debug|Win32.ActiveCfg = Debug|Win32
		{9533DFBB-CDB5-42E0-8318-82F52E28FDEC}.Debug|Win32.Build.0 = Debug|Win32
		{9533DFBB-CDB5-42E0-8318-82F52E28FDEC}.Release|Win32.ActiveCfg = Release|Win32
		{9533DFBB-CDB5-42E0-8318-82F52E28FDEC}.Release|Win32.Build.0 = Release|Win32
		{2DBA3E0D-1590-4066-A3B8-1BB93C954F78}.Debug|Win32.ActiveCfg = Debug|Win32
		{2DBA3E0D-1590-4066-A3B8-1BB93C954F78}.Debug|Win32.Build.0 = Debug|Win32
		{2DBA3E0D-1590-4066-A3B8-1BB93C954F78}.Release|Win32.ActiveCfg = Release|Win32
		{2DBA3E0D-1590-4066-A3B8-1BB93C954F78}.Release|Win32.Build.0 = Release|Win32
		{8D5D36FB-83E0-47DC-B88B-BC0E4F7A30FA}.Debug|Win32.ActiveCfg = Debug|Win32
		{8D5D36FB-83E0-47DC-B88B-BC0E4F7A30FA}.Debug|Win32.Build.0 = Debug|Win32
		{8D5D36FB-83E0-47DC-B88B-BC0E4F7A30FA}.Release|Win32.ActiveCfg = Release|Win32
		{8D5D36FB-83E0-47DC-B88B-BC0E4F7A30FA}.Release|Win32.Build.0 = Release|Win32
		{057E34B2-7127-4597-B3E0-5DB6F155D296}.Debug|Win32.ActiveCfg = Debug|Win32
		{057E34B2-7127-4597-B3E0-5DB6F155D296}.Debug|Win32.Build.0 = Debug|Win32
		{057E34B2-7127-4597-B3E0-5DB6F155D296}.Release|Win32.ActiveCfg = Release|Win32
		{057E34B2-7127-4597-B3E0-5DB6F155D296}.Release|Win32.Build.0 = Release|Win32
		{D0DA784E-C92C-41F2-9098-CB76FD823BFA}.Debug|Win32.ActiveCfg = Debug|Win32
		{D0DA784E-C92C-41F2-9098-CB76FD823BFA}.Debug|Win32.Build.0 = Debug|Win32
		{D0DA784E-C92C-41F2-9098-CB76FD823BFA}.Release|Win32.ActiveCfg = Release|Win32
		{D0DA784E-C92C-41F2-9098-CB76FD823BFA}.Release|Win32.Build.0 = Release|Win32
		{90D76084-412F-46FB-A53F-633744B14824}.Debug|Win32.ActiveCfg = Debug|Win32
		{90D76084-412F-46FB-A53F-633744B14824}.Debug|Win32.Build.0 = Debug|Win32
		{90D76084-412F-46FB-A53F-633744B14824}.Release|Win32.ActiveCfg = Release|Win32
		{90D76084-412F-46FB-A53F-633744B14824}.Release|Win32.Build.0 = Release|Win32
		{B17B5274-3457-47A2-9A50-290501AFC248}.Debug|Win32.ActiveCfg = Debug|Win32
		{B17B5274-3457-47A2-9A50-290501AFC248}.Debug|Win32.Build.0 = Debug|Win32
		{B17B5274-3457-47A2-9A50-290501AFC248}.Release|Win32.ActiveCfg = Release|Win32
		{B17B5274-3457-47A2-9A50-290501AFC248}.Release|Win32.Build.0 = Release|Win32
		{985ED1D3-CC4E-44EA-828F-1BF9A30DD48D}.Debug|Win32.ActiveCfg = Debug|Win32
		{985ED1D3-CC4E-44EA-828F-1BF9A30DD48D}.Debug|Win32.Build.0 = Debug|Win32
		{985ED1D3-CC4E-44EA-828F-1BF9A30DD48D}.Release|Win32.ActiveCfg = Release|Win32
		{985ED1D3-CC4E-44EA-828F-1BF9A30DD48D}.Release|Win32.Build.0 = Release|Win32
		{3F808B84-3A9F-4329-9ADE-2DD4E57E2B77}.Debug|Win32.ActiveCfg = Debug|Win32
		{3F808B84-3A9F-4329-9ADE-2DD4E57E2B77}.Debug|Win32.Build.0 = Debug|Win32
		{3F808B84-3A9F-4329-9ADE-2DD4E57E2B77}.Release|Win32.ActiveCfg = Release|Win32
		{3F808B84-3A9F-4329-9ADE-2DD4E57E2B77}.Release|Win32.Build.0 = Release|Win32
		{9DB24442-D7A0-4597-B434-CFD0DE84F876}.Debug|Win32.ActiveCfg = Debug|Win32
		{9DB24442-D7A0-4597-B434-CFD0DE84F876}.Debug|Win32.Build.0 = Debug|Win32
		{9DB24442-D7A0-4597-B434-CFD0DE84F876}.Release|Win32.ActiveCfg = Release|Win32
		{9DB24442-D7A0-4597-B434-CFD0DE84F876}.Release|Win32.Build.0 = Release|Win32
		{1523282C-0347-45A8-A36A-9F985CAB53AC}.Debug|Win32.ActiveCfg = Debug|Win32
		{1523282C-0347-45A8-A36A-9F985CAB53AC}.Debug|Win32.Build.0 = Debug|Win32
		{1523282C-0347-45A8-A36A-9F985CAB53AC}.Release|Win32.ActiveCfg = Release|Win32
		{1523282C-0347-45A8-A36A-9F985CAB53AC}.Release|Win32.Build.0 = Release|Win32
		{2F410520-A81C-4EF5-A943-41B8B39C3AC6}.Debug|Win32.ActiveCfg = Debug|Win32
		{2F410520-A81C-4EF5-A943-41B8B39C3AC6}.Debug|Win32.Build.0 = Debug|Win32
		{2F410520-A81C-4EF5-A943-41B8B39C3AC6}.Release|Win32.ActiveCfg = Release|Win32
		{2F410520-A81C-4EF5-A943-41B8B39C3AC6}.Release|Win32.Build.0 = Release|Win32
		{A5421841-E851-4010-A1CC-F28C0C69FA59}.Debug|Win32.ActiveCfg = Debug|Win32
		{A5421841-E851-4010-A1CC-F28C0C69FA59}.Debug|Win32.Build.0 = Debug|Win32
		{A5421841-E851-4010-A1CC-F28C0C69FA59}.Release|Win32.ActiveCfg = Release|Win32
		{A5421841-E851-4010-A1CC-F28C0C69FA59}.Release|Win32.Build.0 = Release|Win32
		{D17CB211-93F4-4DA2-B81C-8B481B41C33B}.Debug|Win32.ActiveCfg = Debug|Win32
		{D17CB211-93F4-4DA2-B81C-8B481B41C33B}.Debug|Win32.Build.0 = Debug|Win32
		{D17CB211-93F4-4DA2-B81C-8B481B41C33B}.Release|Win32.ActiveCfg = Release|Win32
		{D17CB211-93F4-4DA2-B81C-8B481B41C33B}.Release|Win32.Build.0 = Release|Win32
		{64ECB4E6-BA50-4DE2-95A4-B6F4DAD07EA8}.Debug|Win32.ActiveCfg = Debug|Win32
		{64ECB4E6-BA50-4DE2-95A4-B6F4DAD07EA8}.Debug|Win32.Build.0 = Debug|Win32
		{64ECB4E6-BA50-4DE2-95A4-B6F4DAD07EA8}.Release|Win32.ActiveCfg = Release|Win32
		{64ECB4E6-BA50-4DE2-95A4-B6F4DAD07EA8}.Release|Win32.Build.0 = Release|Win32
		{67422D05-77F6-4C0B-B00A-11DE9FA8DCE7}.Debug|Win32.ActiveCfg = Debug|Win32
		{67422D05-77F6-4C0B-B00A-11DE9FA8DCE7}.Debug|Win32.Build.0 = Debug|Win32
		{67422D05-77F6-4C0B-B00A-11DE9FA8DCE7}.Release|Win32.ActiveCfg = Release|Win32
		{67422D05-77F6-4C0B-B00A-11DE9FA8DCE7}.Release|Win32.Build.0 = Release|Win32
		{BB03ACE3-D8A7-4BA3-A785-0C3F4EFBAA19}.Debug|Win32.ActiveCfg = Debug|Win32
		{BB03ACE3-D8A7-4BA3-A785-0C3F4EFBAA19}.Debug|Win32.Build.0 = Debug|Win32
		{BB03ACE3-D8A7-4BA3-A785-0C3F4EFBAA19}.Release|Win32.ActiveCfg = Release|Win32
		{BB03ACE3-D8A7-4BA3-A785-0C3F4EFBAA19}.Release|Win32.Build.0 = Release|Win32
		{5E3CCFD0-65B0-433E-8935-780B955F0857}.Debug|Win32.ActiveCfg = Debug|Win32
		{5E3CCFD0-65B0-433E-8935-780B955F0857}.Debug|Win32.Build.0 = Debug|Win32
		{5E3CCFD0-65B0-433E-8935-780B955F0857}.Release|Win32.ActiveCfg = Release|Win32
		{5E3CCFD0-65B0-433E-8935-780B955F0857}.Release|Win32.Build.0 = Release|Win32
		{69DA6897-2CEB-43C5-A84A-C4604F3A3DC9}.Debug|Win32.ActiveCfg = Debug|Win32
		{69DA6897-2CEB-43C5-A84A-C4604F3A3DC9}.Debug|Win32.Build.0 = Debug|Win32
		{69DA6897-2CEB-43C5-A84A-C4604F3A3DC9}.Release|Win32.ActiveCfg = Release|Win32
		{69DA6897-2CEB-43C5-A84A-C4604F3A3DC9}.Release|Win32.Build.0 = Release|Win32
		{783C552B-0379-4E66-8F02-176BAD1D6E73}.Debug|Win32.ActiveCfg = Debug|Win32
		{783C552B-0379-4E66-8F02-176BAD1D6E73}.Debug|Win32.Build.0 = Debug|Win32
		{783C552B-0379-4E66-8F02-176BAD1D6E73}.Release|Win32.ActiveCfg = Release|Win32
		{783C552B-0379-4E66-8F02-176BAD1D6E73}.Release|Win32.Build.0 = Release|Win32
		{5FA35169-7107-4824-BAED-0A5E63448409}.Debug|Win32.ActiveCfg = Debug|Win32
		{5FA35169-7107-4824-BAED-0A5E63448409}.Debug|Win32.Build.0 = Debug|Win32
		{5FA35169-7107-4824-BAED-0A5E63448409}.Release|Win32.ActiveCfg = Release|Win32
		{5FA35169-7107-4824-BAED-0A5E63448409}.Release|Win32.Build.0 = Release|Win32
	EndGlobalSection
	GlobalSection(SolutionProperties) = preSolution
		HideSolutionNode = FALSE
	EndGlobalSection
EndGlobal
