
Microsoft Visual Studio Solution File, Format Version 10.00
# Visual C++ Express 2008
Project("{8BC9CEB8-8B4A-11D0-8D11-00A0C91BC942}") = "C7_1", "C7\C7.vcproj", "{23E7288F-9018-4267-860E-301B1CCB2BAE}"
EndProject
Project("{8BC9CEB8-8B4A-11D0-8D11-00A0C91BC942}") = "c7_2", "c7_2\c7_2.vcproj", "{38B9C7AB-655D-44AE-B039-E103B08AD774}"
EndProject
Project("{8BC9CEB8-8B4A-11D0-8D11-00A0C91BC942}") = "c7_3", "c7_3\c7_3.vcproj", "{DD856193-CB69-4D05-BA99-11EC521EAE14}"
EndProject
Project("{8BC9CEB8-8B4A-11D0-8D11-00A0C91BC942}") = "c7_4", "c7_4\c7_4.vcproj", "{B7CC9664-AEE3-426A-BF69-A26108C0A5D1}"
EndProject
Project("{8BC9CEB8-8B4A-11D0-8D11-00A0C91BC942}") = "c7_5", "c7_5\c7_5.vcproj", "{0832DEF5-8DD0-4E0F-A644-51A4A7DB6476}"
EndProject
Project("{8BC9CEB8-8B4A-11D0-8D11-00A0C91BC942}") = "c7_6", "c7_6\c7_6.vcproj", "{48EEC7D7-2E3F-4D4F-A655-EDD172DDD6C1}"
EndProject
Project("{8BC9CEB8-8B4A-11D0-8D11-00A0C91BC942}") = "c7_7", "c7_7\c7_7.vcproj", "{B518FFD2-DAED-4617-A5C6-0F11FC990EB2}"
EndProject
Project("{8BC9CEB8-8B4A-11D0-8D11-00A0C91BC942}") = "c7_8 and 9 and 10 and11 and 12", "c7_8\c7_8.vcproj", "{6A9EB2FB-4E9A-45B1-8FFA-5E4AEF19943B}"
EndProject
Project("{8BC9CEB8-8B4A-11D0-8D11-00A0C91BC942}") = "c7_13", "c7_13\c7_13.vcproj", "{5D3C0F7F-9B45-4B61-A0CB-46BE8BC8D785}"
EndProject
Project("{8BC9CEB8-8B4A-11D0-8D11-00A0C91BC942}") = "c7_14 and 15", "c7_14\c7_14.vcproj", "{36240DD6-5815-43F6-9789-80125FDCE2E3}"
EndProject
Project("{8BC9CEB8-8B4A-11D0-8D11-00A0C91BC942}") = "hw7_1", "hw7_1\hw7_1.vcproj", "{2181B600-7FC0-4E01-9BF7-FE87308CECB6}"
EndProject
Project("{8BC9CEB8-8B4A-11D0-8D11-00A0C91BC942}") = "hw7_2", "hw7_2\hw7_2.vcproj", "{1CD2177D-2E41-4BBC-9B07-6D96778BBCB9}"
EndProject
Project("{8BC9CEB8-8B4A-11D0-8D11-00A0C91BC942}") = "hw7_3", "hw7_3\hw7_3.vcproj", "{763AA711-8CEF-481F-9F6B-CE300D9F81D3}"
EndProject
Project("{8BC9CEB8-8B4A-11D0-8D11-00A0C91BC942}") = "hw7_4", "hw7_4\hw7_4.vcproj", "{C024EEC5-EFDC-4065-9BBD-F56FF15DCDB6}"
EndProject
Project("{8BC9CEB8-8B4A-11D0-8D11-00A0C91BC942}") = "hw7_5", "hw7_5\hw7_5.vcproj", "{31029B91-F20D-4075-918B-D9A3772CCE6E}"
EndProject
Project("{8BC9CEB8-8B4A-11D0-8D11-00A0C91BC942}") = "hw7_6", "hw7_6\hw7_6.vcproj", "{B54C2871-27DC-47E2-8C3C-4A9245FA5E22}"
EndProject
Project("{8BC9CEB8-8B4A-11D0-8D11-00A0C91BC942}") = "hw7_7", "hw7_7\hw7_7.vcproj", "{7E5A4839-8B7C-4522-A2DD-7D96634E7E87}"
EndProject
Project("{8BC9CEB8-8B4A-11D0-8D11-00A0C91BC942}") = "hw7_8", "hw7_8\hw7_8.vcproj", "{0DB48987-F372-4485-97F7-D0A93692076D}"
EndProject
Project("{8BC9CEB8-8B4A-11D0-8D11-00A0C91BC942}") = "hw7_9", "hw7_9\hw7_9.vcproj", "{2C318596-B7F0-4A2C-AE1C-3BDCA6819F17}"
EndProject
Global
	GlobalSection(SolutionConfigurationPlatforms) = preSolution
		Debug|Win32 = Debug|Win32
		Release|Win32 = Release|Win32
	EndGlobalSection
	GlobalSection(ProjectConfigurationPlatforms) = postSolution
		{23E7288F-9018-4267-860E-301B1CCB2BAE}.Debug|Win32.ActiveCfg = Debug|Win32
		{23E7288F-9018-4267-860E-301B1CCB2BAE}.Debug|Win32.Build.0 = Debug|Win32
		{23E7288F-9018-4267-860E-301B1CCB2BAE}.Release|Win32.ActiveCfg = Release|Win32
		{23E7288F-9018-4267-860E-301B1CCB2BAE}.Release|Win32.Build.0 = Release|Win32
		{38B9C7AB-655D-44AE-B039-E103B08AD774}.Debug|Win32.ActiveCfg = Debug|Win32
		{38B9C7AB-655D-44AE-B039-E103B08AD774}.Debug|Win32.Build.0 = Debug|Win32
		{38B9C7AB-655D-44AE-B039-E103B08AD774}.Release|Win32.ActiveCfg = Release|Win32
		{38B9C7AB-655D-44AE-B039-E103B08AD774}.Release|Win32.Build.0 = Release|Win32
		{DD856193-CB69-4D05-BA99-11EC521EAE14}.Debug|Win32.ActiveCfg = Debug|Win32
		{DD856193-CB69-4D05-BA99-11EC521EAE14}.Debug|Win32.Build.0 = Debug|Win32
		{DD856193-CB69-4D05-BA99-11EC521EAE14}.Release|Win32.ActiveCfg = Release|Win32
		{DD856193-CB69-4D05-BA99-11EC521EAE14}.Release|Win32.Build.0 = Release|Win32
		{B7CC9664-AEE3-426A-BF69-A26108C0A5D1}.Debug|Win32.ActiveCfg = Debug|Win32
		{B7CC9664-AEE3-426A-BF69-A26108C0A5D1}.Debug|Win32.Build.0 = Debug|Win32
		{B7CC9664-AEE3-426A-BF69-A26108C0A5D1}.Release|Win32.ActiveCfg = Release|Win32
		{B7CC9664-AEE3-426A-BF69-A26108C0A5D1}.Release|Win32.Build.0 = Release|Win32
		{0832DEF5-8DD0-4E0F-A644-51A4A7DB6476}.Debug|Win32.ActiveCfg = Debug|Win32
		{0832DEF5-8DD0-4E0F-A644-51A4A7DB6476}.Debug|Win32.Build.0 = Debug|Win32
		{0832DEF5-8DD0-4E0F-A644-51A4A7DB6476}.Release|Win32.ActiveCfg = Release|Win32
		{0832DEF5-8DD0-4E0F-A644-51A4A7DB6476}.Release|Win32.Build.0 = Release|Win32
		{48EEC7D7-2E3F-4D4F-A655-EDD172DDD6C1}.Debug|Win32.ActiveCfg = Debug|Win32
		{48EEC7D7-2E3F-4D4F-A655-EDD172DDD6C1}.Debug|Win32.Build.0 = Debug|Win32
		{48EEC7D7-2E3F-4D4F-A655-EDD172DDD6C1}.Release|Win32.ActiveCfg = Release|Win32
		{48EEC7D7-2E3F-4D4F-A655-EDD172DDD6C1}.Release|Win32.Build.0 = Release|Win32
		{B518FFD2-DAED-4617-A5C6-0F11FC990EB2}.Debug|Win32.ActiveCfg = Debug|Win32
		{B518FFD2-DAED-4617-A5C6-0F11FC990EB2}.Debug|Win32.Build.0 = Debug|Win32
		{B518FFD2-DAED-4617-A5C6-0F11FC990EB2}.Release|Win32.ActiveCfg = Release|Win32
		{B518FFD2-DAED-4617-A5C6-0F11FC990EB2}.Release|Win32.Build.0 = Release|Win32
		{6A9EB2FB-4E9A-45B1-8FFA-5E4AEF19943B}.Debug|Win32.ActiveCfg = Debug|Win32
		{6A9EB2FB-4E9A-45B1-8FFA-5E4AEF19943B}.Debug|Win32.Build.0 = Debug|Win32
		{6A9EB2FB-4E9A-45B1-8FFA-5E4AEF19943B}.Release|Win32.ActiveCfg = Release|Win32
		{6A9EB2FB-4E9A-45B1-8FFA-5E4AEF19943B}.Release|Win32.Build.0 = Release|Win32
		{5D3C0F7F-9B45-4B61-A0CB-46BE8BC8D785}.Debug|Win32.ActiveCfg = Debug|Win32
		{5D3C0F7F-9B45-4B61-A0CB-46BE8BC8D785}.Debug|Win32.Build.0 = Debug|Win32
		{5D3C0F7F-9B45-4B61-A0CB-46BE8BC8D785}.Release|Win32.ActiveCfg = Release|Win32
		{5D3C0F7F-9B45-4B61-A0CB-46BE8BC8D785}.Release|Win32.Build.0 = Release|Win32
		{36240DD6-5815-43F6-9789-80125FDCE2E3}.Debug|Win32.ActiveCfg = Debug|Win32
		{36240DD6-5815-43F6-9789-80125FDCE2E3}.Debug|Win32.Build.0 = Debug|Win32
		{36240DD6-5815-43F6-9789-80125FDCE2E3}.Release|Win32.ActiveCfg = Release|Win32
		{36240DD6-5815-43F6-9789-80125FDCE2E3}.Release|Win32.Build.0 = Release|Win32
		{2181B600-7FC0-4E01-9BF7-FE87308CECB6}.Debug|Win32.ActiveCfg = Debug|Win32
		{2181B600-7FC0-4E01-9BF7-FE87308CECB6}.Debug|Win32.Build.0 = Debug|Win32
		{2181B600-7FC0-4E01-9BF7-FE87308CECB6}.Release|Win32.ActiveCfg = Release|Win32
		{2181B600-7FC0-4E01-9BF7-FE87308CECB6}.Release|Win32.Build.0 = Release|Win32
		{1CD2177D-2E41-4BBC-9B07-6D96778BBCB9}.Debug|Win32.ActiveCfg = Debug|Win32
		{1CD2177D-2E41-4BBC-9B07-6D96778BBCB9}.Debug|Win32.Build.0 = Debug|Win32
		{1CD2177D-2E41-4BBC-9B07-6D96778BBCB9}.Release|Win32.ActiveCfg = Release|Win32
		{1CD2177D-2E41-4BBC-9B07-6D96778BBCB9}.Release|Win32.Build.0 = Release|Win32
		{763AA711-8CEF-481F-9F6B-CE300D9F81D3}.Debug|Win32.ActiveCfg = Debug|Win32
		{763AA711-8CEF-481F-9F6B-CE300D9F81D3}.Debug|Win32.Build.0 = Debug|Win32
		{763AA711-8CEF-481F-9F6B-CE300D9F81D3}.Release|Win32.ActiveCfg = Release|Win32
		{763AA711-8CEF-481F-9F6B-CE300D9F81D3}.Release|Win32.Build.0 = Release|Win32
		{C024EEC5-EFDC-4065-9BBD-F56FF15DCDB6}.Debug|Win32.ActiveCfg = Debug|Win32
		{C024EEC5-EFDC-4065-9BBD-F56FF15DCDB6}.Debug|Win32.Build.0 = Debug|Win32
		{C024EEC5-EFDC-4065-9BBD-F56FF15DCDB6}.Release|Win32.ActiveCfg = Release|Win32
		{C024EEC5-EFDC-4065-9BBD-F56FF15DCDB6}.Release|Win32.Build.0 = Release|Win32
		{31029B91-F20D-4075-918B-D9A3772CCE6E}.Debug|Win32.ActiveCfg = Debug|Win32
		{31029B91-F20D-4075-918B-D9A3772CCE6E}.Debug|Win32.Build.0 = Debug|Win32
		{31029B91-F20D-4075-918B-D9A3772CCE6E}.Release|Win32.ActiveCfg = Release|Win32
		{31029B91-F20D-4075-918B-D9A3772CCE6E}.Release|Win32.Build.0 = Release|Win32
		{B54C2871-27DC-47E2-8C3C-4A9245FA5E22}.Debug|Win32.ActiveCfg = Debug|Win32
		{B54C2871-27DC-47E2-8C3C-4A9245FA5E22}.Debug|Win32.Build.0 = Debug|Win32
		{B54C2871-27DC-47E2-8C3C-4A9245FA5E22}.Release|Win32.ActiveCfg = Release|Win32
		{B54C2871-27DC-47E2-8C3C-4A9245FA5E22}.Release|Win32.Build.0 = Release|Win32
		{7E5A4839-8B7C-4522-A2DD-7D96634E7E87}.Debug|Win32.ActiveCfg = Debug|Win32
		{7E5A4839-8B7C-4522-A2DD-7D96634E7E87}.Debug|Win32.Build.0 = Debug|Win32
		{7E5A4839-8B7C-4522-A2DD-7D96634E7E87}.Release|Win32.ActiveCfg = Release|Win32
		{7E5A4839-8B7C-4522-A2DD-7D96634E7E87}.Release|Win32.Build.0 = Release|Win32
		{0DB48987-F372-4485-97F7-D0A93692076D}.Debug|Win32.ActiveCfg = Debug|Win32
		{0DB48987-F372-4485-97F7-D0A93692076D}.Debug|Win32.Build.0 = Debug|Win32
		{0DB48987-F372-4485-97F7-D0A93692076D}.Release|Win32.ActiveCfg = Release|Win32
		{0DB48987-F372-4485-97F7-D0A93692076D}.Release|Win32.Build.0 = Release|Win32
		{2C318596-B7F0-4A2C-AE1C-3BDCA6819F17}.Debug|Win32.ActiveCfg = Debug|Win32
		{2C318596-B7F0-4A2C-AE1C-3BDCA6819F17}.Debug|Win32.Build.0 = Debug|Win32
		{2C318596-B7F0-4A2C-AE1C-3BDCA6819F17}.Release|Win32.ActiveCfg = Release|Win32
		{2C318596-B7F0-4A2C-AE1C-3BDCA6819F17}.Release|Win32.Build.0 = Release|Win32
	EndGlobalSection
	GlobalSection(SolutionProperties) = preSolution
		HideSolutionNode = FALSE
	EndGlobalSection
EndGlobal
