
Microsoft Visual Studio Solution File, Format Version 10.00
# Visual C++ Express 2008
Project("{8BC9CEB8-8B4A-11D0-8D11-00A0C91BC942}") = "helloWorld", "helloWorld\helloWorld.vcproj", "{6C0C333C-D8A1-42D7-AF50-BECBE226C7C3}"
EndProject
Global
	GlobalSection(SolutionConfigurationPlatforms) = preSolution
		Debug|Win32 = Debug|Win32
		Release|Win32 = Release|Win32
	EndGlobalSection
	GlobalSection(ProjectConfigurationPlatforms) = postSolution
		{6C0C333C-D8A1-42D7-AF50-BECBE226C7C3}.Debug|Win32.ActiveCfg = Debug|Win32
		{6C0C333C-D8A1-42D7-AF50-BECBE226C7C3}.Debug|Win32.Build.0 = Debug|Win32
		{6C0C333C-D8A1-42D7-AF50-BECBE226C7C3}.Release|Win32.ActiveCfg = Release|Win32
		{6C0C333C-D8A1-42D7-AF50-BECBE226C7C3}.Release|Win32.Build.0 = Release|Win32
	EndGlobalSection
	GlobalSection(SolutionProperties) = preSolution
		HideSolutionNode = FALSE
	EndGlobalSection
EndGlobal
