
Microsoft Visual Studio Solution File, Format Version 10.00
# Visual C++ Express 2008
Project("{8BC9CEB8-8B4A-11D0-8D11-00A0C91BC942}") = "c8_1", "c8_1\c8_1.vcproj", "{5838DD2F-3F9D-4704-A243-F931A5B253C6}"
EndProject
Project("{8BC9CEB8-8B4A-11D0-8D11-00A0C91BC942}") = "c8_2", "c8_2\c8_2.vcproj", "{9076C417-171F-45AC-9409-212CA3B1933A}"
EndProject
Project("{8BC9CEB8-8B4A-11D0-8D11-00A0C91BC942}") = "c8_3", "c8_3\c8_3.vcproj", "{DA1B6064-06DE-4B31-BAAD-00D90FF08A64}"
EndProject
Project("{8BC9CEB8-8B4A-11D0-8D11-00A0C91BC942}") = "c8_4", "c8_4\c8_4.vcproj", "{0F0E82A7-3F76-4512-B874-893403C9AAAE}"
EndProject
Project("{8BC9CEB8-8B4A-11D0-8D11-00A0C91BC942}") = "c8_5", "c8_5\c8_5.vcproj", "{687BDE58-4697-40D3-964A-EA4209B5AC94}"
EndProject
Project("{8BC9CEB8-8B4A-11D0-8D11-00A0C91BC942}") = "hw8_2", "hw8_2\hw8_2.vcproj", "{77CB2680-ECF4-491D-BB43-B8A390005834}"
EndProject
Project("{8BC9CEB8-8B4A-11D0-8D11-00A0C91BC942}") = "hw8_4", "hw8_4\hw8_4.vcproj", "{F2FD9266-3435-4894-B8DC-1BC9FEA6BBE3}"
EndProject
Project("{8BC9CEB8-8B4A-11D0-8D11-00A0C91BC942}") = "hw8_5", "hw8_5\hw8_5.vcproj", "{7AEF08BB-AB84-498E-A3BF-EFFEEA4897BA}"
EndProject
Global
	GlobalSection(SolutionConfigurationPlatforms) = preSolution
		Debug|Win32 = Debug|Win32
		Release|Win32 = Release|Win32
	EndGlobalSection
	GlobalSection(ProjectConfigurationPlatforms) = postSolution
		{5838DD2F-3F9D-4704-A243-F931A5B253C6}.Debug|Win32.ActiveCfg = Debug|Win32
		{5838DD2F-3F9D-4704-A243-F931A5B253C6}.Debug|Win32.Build.0 = Debug|Win32
		{5838DD2F-3F9D-4704-A243-F931A5B253C6}.Release|Win32.ActiveCfg = Release|Win32
		{5838DD2F-3F9D-4704-A243-F931A5B253C6}.Release|Win32.Build.0 = Release|Win32
		{9076C417-171F-45AC-9409-212CA3B1933A}.Debug|Win32.ActiveCfg = Debug|Win32
		{9076C417-171F-45AC-9409-212CA3B1933A}.Debug|Win32.Build.0 = Debug|Win32
		{9076C417-171F-45AC-9409-212CA3B1933A}.Release|Win32.ActiveCfg = Release|Win32
		{9076C417-171F-45AC-9409-212CA3B1933A}.Release|Win32.Build.0 = Release|Win32
		{DA1B6064-06DE-4B31-BAAD-00D90FF08A64}.Debug|Win32.ActiveCfg = Debug|Win32
		{DA1B6064-06DE-4B31-BAAD-00D90FF08A64}.Debug|Win32.Build.0 = Debug|Win32
		{DA1B6064-06DE-4B31-BAAD-00D90FF08A64}.Release|Win32.ActiveCfg = Release|Win32
		{DA1B6064-06DE-4B31-BAAD-00D90FF08A64}.Release|Win32.Build.0 = Release|Win32
		{0F0E82A7-3F76-4512-B874-893403C9AAAE}.Debug|Win32.ActiveCfg = Debug|Win32
		{0F0E82A7-3F76-4512-B874-893403C9AAAE}.Debug|Win32.Build.0 = Debug|Win32
		{0F0E82A7-3F76-4512-B874-893403C9AAAE}.Release|Win32.ActiveCfg = Release|Win32
		{0F0E82A7-3F76-4512-B874-893403C9AAAE}.Release|Win32.Build.0 = Release|Win32
		{687BDE58-4697-40D3-964A-EA4209B5AC94}.Debug|Win32.ActiveCfg = Debug|Win32
		{687BDE58-4697-40D3-964A-EA4209B5AC94}.Debug|Win32.Build.0 = Debug|Win32
		{687BDE58-4697-40D3-964A-EA4209B5AC94}.Release|Win32.ActiveCfg = Release|Win32
		{687BDE58-4697-40D3-964A-EA4209B5AC94}.Release|Win32.Build.0 = Release|Win32
		{77CB2680-ECF4-491D-BB43-B8A390005834}.Debug|Win32.ActiveCfg = Debug|Win32
		{77CB2680-ECF4-491D-BB43-B8A390005834}.Debug|Win32.Build.0 = Debug|Win32
		{77CB2680-ECF4-491D-BB43-B8A390005834}.Release|Win32.ActiveCfg = Release|Win32
		{77CB2680-ECF4-491D-BB43-B8A390005834}.Release|Win32.Build.0 = Release|Win32
		{F2FD9266-3435-4894-B8DC-1BC9FEA6BBE3}.Debug|Win32.ActiveCfg = Debug|Win32
		{F2FD9266-3435-4894-B8DC-1BC9FEA6BBE3}.Debug|Win32.Build.0 = Debug|Win32
		{F2FD9266-3435-4894-B8DC-1BC9FEA6BBE3}.Release|Win32.ActiveCfg = Release|Win32
		{F2FD9266-3435-4894-B8DC-1BC9FEA6BBE3}.Release|Win32.Build.0 = Release|Win32
		{7AEF08BB-AB84-498E-A3BF-EFFEEA4897BA}.Debug|Win32.ActiveCfg = Debug|Win32
		{7AEF08BB-AB84-498E-A3BF-EFFEEA4897BA}.Debug|Win32.Build.0 = Debug|Win32
		{7AEF08BB-AB84-498E-A3BF-EFFEEA4897BA}.Release|Win32.ActiveCfg = Release|Win32
		{7AEF08BB-AB84-498E-A3BF-EFFEEA4897BA}.Release|Win32.Build.0 = Release|Win32
	EndGlobalSection
	GlobalSection(SolutionProperties) = preSolution
		HideSolutionNode = FALSE
	EndGlobalSection
EndGlobal
