
Microsoft Visual Studio Solution File, Format Version 10.00
# Visual C++ Express 2008
Project("{8BC9CEB8-8B4A-11D0-8D11-00A0C91BC942}") = "c6_1", "c6\c6.vcproj", "{5C7677B1-2C9E-40B0-B492-A9B9118E9E09}"
EndProject
Project("{8BC9CEB8-8B4A-11D0-8D11-00A0C91BC942}") = "c6_2", "c6_2\c6_2.vcproj", "{C381937D-245E-4536-809D-26F464D017F3}"
EndProject
Project("{8BC9CEB8-8B4A-11D0-8D11-00A0C91BC942}") = "c6_3", "c6_3\c6_3.vcproj", "{E0C73E3A-307E-4E38-91FE-5251689DC201}"
EndProject
Project("{8BC9CEB8-8B4A-11D0-8D11-00A0C91BC942}") = "c6_4", "c6_4\c6_4.vcproj", "{29CBBDB3-9806-4F85-A969-4538E2D0BF3B}"
EndProject
Project("{8BC9CEB8-8B4A-11D0-8D11-00A0C91BC942}") = "c6_8", "c6_8\c6_8.vcproj", "{50B410A5-E540-48DC-901A-326DF977BB9F}"
EndProject
Project("{8BC9CEB8-8B4A-11D0-8D11-00A0C91BC942}") = "c6_5", "c6_5\c6_5.vcproj", "{007D41B4-F9E8-4AB3-A6A3-8EB43C6D51DC}"
EndProject
Project("{8BC9CEB8-8B4A-11D0-8D11-00A0C91BC942}") = "c6_6", "c6_6\c6_6.vcproj", "{4DE43007-020B-427F-9345-4A9B243CBA91}"
EndProject
Project("{8BC9CEB8-8B4A-11D0-8D11-00A0C91BC942}") = "c6_9", "c6_9\c6_9.vcproj", "{8820FD37-AD08-4E29-B5B4-A11FC7BE2BC7}"
EndProject
Project("{8BC9CEB8-8B4A-11D0-8D11-00A0C91BC942}") = "c6-10", "c6-10\c6-10.vcproj", "{E813AB9E-51E3-4BA3-AC81-6549602AEEE4}"
EndProject
Project("{8BC9CEB8-8B4A-11D0-8D11-00A0C91BC942}") = "c6-12", "c6-12\c6-12.vcproj", "{EF77E343-78A0-4A6E-B33E-84600964E30C}"
EndProject
Project("{8BC9CEB8-8B4A-11D0-8D11-00A0C91BC942}") = "c6_13", "c6_13\c6_13.vcproj", "{7748A19E-71A9-4109-BD6C-8FD6F6219C97}"
EndProject
Project("{8BC9CEB8-8B4A-11D0-8D11-00A0C91BC942}") = "c66_18", "c66_18\c66_18.vcproj", "{60E8FAEE-0719-4F43-A601-7DD950B37710}"
EndProject
Project("{8BC9CEB8-8B4A-11D0-8D11-00A0C91BC942}") = "c6_11", "c6_11\c6_11.vcproj", "{1EDD33E6-9888-4C94-AC86-53E27E57EBAD}"
EndProject
Project("{8BC9CEB8-8B4A-11D0-8D11-00A0C91BC942}") = "c6_14", "c6_14\c6_14.vcproj", "{43048599-65D4-4F45-A0AE-DB135D9F35BB}"
EndProject
Project("{8BC9CEB8-8B4A-11D0-8D11-00A0C91BC942}") = "c6_15", "c6_15\c6_15.vcproj", "{BD04B9FA-6D07-4AA8-AB74-685B26B770A8}"
EndProject
Project("{8BC9CEB8-8B4A-11D0-8D11-00A0C91BC942}") = "c6_16", "c6_16\c6_16.vcproj", "{D4BBCAD1-096B-4292-A41B-783F5194838E}"
EndProject
Project("{8BC9CEB8-8B4A-11D0-8D11-00A0C91BC942}") = "c666_18", "c666_18\c666_18.vcproj", "{7CA99E14-AE85-43F9-AC7E-EB5084C31556}"
EndProject
Project("{8BC9CEB8-8B4A-11D0-8D11-00A0C91BC942}") = "c6_18_2", "c6_18_2\c6_18_2.vcproj", "{FE066439-1D3D-4BC1-974E-2B193AF0EEAE}"
EndProject
Project("{8BC9CEB8-8B4A-11D0-8D11-00A0C91BC942}") = "c6_19", "c6_19\c6_19.vcproj", "{19DF01EA-6D56-478A-9D6A-C838FEE2403E}"
EndProject
Project("{8BC9CEB8-8B4A-11D0-8D11-00A0C91BC942}") = "c6_20", "c6_20\c6_20.vcproj", "{9153F029-5B01-4198-95A8-CF7B461D510A}"
EndProject
Project("{8BC9CEB8-8B4A-11D0-8D11-00A0C91BC942}") = "c6_21", "c6_21\c6_21.vcproj", "{008E90BA-197B-424F-95DD-D2519B6E2B89}"
EndProject
Project("{8BC9CEB8-8B4A-11D0-8D11-00A0C91BC942}") = "c6_22", "c6_22\c6_22.vcproj", "{E434E969-34DA-4787-87C6-4614F4614A04}"
EndProject
Project("{8BC9CEB8-8B4A-11D0-8D11-00A0C91BC942}") = "c6_23", "c6_23\c6_23.vcproj", "{46DACBD5-EB20-4C5C-A427-930135EE153F}"
EndProject
Project("{8BC9CEB8-8B4A-11D0-8D11-00A0C91BC942}") = "c6_24", "c6_24\c6_24.vcproj", "{500A2D71-C943-48FC-9231-4EB06A418F6B}"
EndProject
Project("{8BC9CEB8-8B4A-11D0-8D11-00A0C91BC942}") = "c6_25", "c6_25\c6_25.vcproj", "{E483F2CB-3EA0-40DF-A867-47585A7FB911}"
EndProject
Project("{8BC9CEB8-8B4A-11D0-8D11-00A0C91BC942}") = "hw6_1", "hw6_1\hw6_1.vcproj", "{B146426B-1499-4BAE-9293-CA36195EA542}"
EndProject
Project("{8BC9CEB8-8B4A-11D0-8D11-00A0C91BC942}") = "hw6_2", "hw6_2\hw6_2.vcproj", "{8A62E726-2CF4-4D19-B4A2-CD7D924ACDF4}"
EndProject
Project("{8BC9CEB8-8B4A-11D0-8D11-00A0C91BC942}") = "hw6_3", "hw6_3\hw6_3.vcproj", "{ED0C3C33-843C-449A-8408-F22C993ECB5E}"
EndProject
Project("{8BC9CEB8-8B4A-11D0-8D11-00A0C91BC942}") = "hw6_4", "hw6_4\hw6_4.vcproj", "{7AF7B5A2-F5A4-4DA4-9653-B223860CAE7D}"
EndProject
Project("{8BC9CEB8-8B4A-11D0-8D11-00A0C91BC942}") = "hw6_5", "hw6_5\hw6_5.vcproj", "{F45E20C6-3E5B-4AB5-8D55-07DC77A3CA29}"
EndProject
Project("{8BC9CEB8-8B4A-11D0-8D11-00A0C91BC942}") = "hw6_6", "hw6_6\hw6_6.vcproj", "{6BD6581B-3E29-4623-8BC3-7054B166FD5C}"
EndProject
Project("{8BC9CEB8-8B4A-11D0-8D11-00A0C91BC942}") = "hw6_7", "hw6_7\hw6_7.vcproj", "{CD5E972E-24E9-4C1E-AAB9-1DA7FE1711C1}"
EndProject
Project("{8BC9CEB8-8B4A-11D0-8D11-00A0C91BC942}") = "hw6_8", "hw6_8\hw6_8.vcproj", "{DDC8E59E-F1C9-4D63-B9BB-84280F84C4C6}"
EndProject
Project("{8BC9CEB8-8B4A-11D0-8D11-00A0C91BC942}") = "hw6_9", "hw6_9\hw6_9.vcproj", "{DC4272A3-2B27-4E65-B368-2470060A28EB}"
EndProject
Project("{8BC9CEB8-8B4A-11D0-8D11-00A0C91BC942}") = "hw6_10", "hw6_10\hw6_10.vcproj", "{B1004FEE-7ABE-40B9-95F2-AD6EF77BDAE1}"
EndProject
Project("{8BC9CEB8-8B4A-11D0-8D11-00A0C91BC942}") = "hw6_11", "hw6_11\hw6_11.vcproj", "{EA8453E8-E382-46F5-80DE-6C1EF507C5E3}"
EndProject
Project("{8BC9CEB8-8B4A-11D0-8D11-00A0C91BC942}") = "hw6_12", "hw6_12\hw6_12.vcproj", "{807B5D29-EA88-450D-9F01-FE1FF318648E}"
EndProject
Project("{8BC9CEB8-8B4A-11D0-8D11-00A0C91BC942}") = "hw6_13", "hw6_13\hw6_13.vcproj", "{9702042E-B088-45F4-BF00-2DCEF510C2E7}"
EndProject
Project("{8BC9CEB8-8B4A-11D0-8D11-00A0C91BC942}") = "hw6_16", "hw6_16\hw6_16.vcproj", "{E3355F58-31D6-44AC-BEA2-E2D735AF4F4E}"
EndProject
Global
	GlobalSection(SolutionConfigurationPlatforms) = preSolution
		Debug|Win32 = Debug|Win32
		Release|Win32 = Release|Win32
	EndGlobalSection
	GlobalSection(ProjectConfigurationPlatforms) = postSolution
		{5C7677B1-2C9E-40B0-B492-A9B9118E9E09}.Debug|Win32.ActiveCfg = Debug|Win32
		{5C7677B1-2C9E-40B0-B492-A9B9118E9E09}.Debug|Win32.Build.0 = Debug|Win32
		{5C7677B1-2C9E-40B0-B492-A9B9118E9E09}.Release|Win32.ActiveCfg = Release|Win32
		{5C7677B1-2C9E-40B0-B492-A9B9118E9E09}.Release|Win32.Build.0 = Release|Win32
		{C381937D-245E-4536-809D-26F464D017F3}.Debug|Win32.ActiveCfg = Debug|Win32
		{C381937D-245E-4536-809D-26F464D017F3}.Debug|Win32.Build.0 = Debug|Win32
		{C381937D-245E-4536-809D-26F464D017F3}.Release|Win32.ActiveCfg = Release|Win32
		{C381937D-245E-4536-809D-26F464D017F3}.Release|Win32.Build.0 = Release|Win32
		{E0C73E3A-307E-4E38-91FE-5251689DC201}.Debug|Win32.ActiveCfg = Debug|Win32
		{E0C73E3A-307E-4E38-91FE-5251689DC201}.Debug|Win32.Build.0 = Debug|Win32
		{E0C73E3A-307E-4E38-91FE-5251689DC201}.Release|Win32.ActiveCfg = Release|Win32
		{E0C73E3A-307E-4E38-91FE-5251689DC201}.Release|Win32.Build.0 = Release|Win32
		{29CBBDB3-9806-4F85-A969-4538E2D0BF3B}.Debug|Win32.ActiveCfg = Debug|Win32
		{29CBBDB3-9806-4F85-A969-4538E2D0BF3B}.Debug|Win32.Build.0 = Debug|Win32
		{29CBBDB3-9806-4F85-A969-4538E2D0BF3B}.Release|Win32.ActiveCfg = Release|Win32
		{29CBBDB3-9806-4F85-A969-4538E2D0BF3B}.Release|Win32.Build.0 = Release|Win32
		{50B410A5-E540-48DC-901A-326DF977BB9F}.Debug|Win32.ActiveCfg = Debug|Win32
		{50B410A5-E540-48DC-901A-326DF977BB9F}.Debug|Win32.Build.0 = Debug|Win32
		{50B410A5-E540-48DC-901A-326DF977BB9F}.Release|Win32.ActiveCfg = Release|Win32
		{50B410A5-E540-48DC-901A-326DF977BB9F}.Release|Win32.Build.0 = Release|Win32
		{007D41B4-F9E8-4AB3-A6A3-8EB43C6D51DC}.Debug|Win32.ActiveCfg = Debug|Win32
		{007D41B4-F9E8-4AB3-A6A3-8EB43C6D51DC}.Debug|Win32.Build.0 = Debug|Win32
		{007D41B4-F9E8-4AB3-A6A3-8EB43C6D51DC}.Release|Win32.ActiveCfg = Release|Win32
		{007D41B4-F9E8-4AB3-A6A3-8EB43C6D51DC}.Release|Win32.Build.0 = Release|Win32
		{4DE43007-020B-427F-9345-4A9B243CBA91}.Debug|Win32.ActiveCfg = Debug|Win32
		{4DE43007-020B-427F-9345-4A9B243CBA91}.Debug|Win32.Build.0 = Debug|Win32
		{4DE43007-020B-427F-9345-4A9B243CBA91}.Release|Win32.ActiveCfg = Release|Win32
		{4DE43007-020B-427F-9345-4A9B243CBA91}.Release|Win32.Build.0 = Release|Win32
		{8820FD37-AD08-4E29-B5B4-A11FC7BE2BC7}.Debug|Win32.ActiveCfg = Debug|Win32
		{8820FD37-AD08-4E29-B5B4-A11FC7BE2BC7}.Debug|Win32.Build.0 = Debug|Win32
		{8820FD37-AD08-4E29-B5B4-A11FC7BE2BC7}.Release|Win32.ActiveCfg = Release|Win32
		{8820FD37-AD08-4E29-B5B4-A11FC7BE2BC7}.Release|Win32.Build.0 = Release|Win32
		{E813AB9E-51E3-4BA3-AC81-6549602AEEE4}.Debug|Win32.ActiveCfg = Debug|Win32
		{E813AB9E-51E3-4BA3-AC81-6549602AEEE4}.Debug|Win32.Build.0 = Debug|Win32
		{E813AB9E-51E3-4BA3-AC81-6549602AEEE4}.Release|Win32.ActiveCfg = Release|Win32
		{E813AB9E-51E3-4BA3-AC81-6549602AEEE4}.Release|Win32.Build.0 = Release|Win32
		{EF77E343-78A0-4A6E-B33E-84600964E30C}.Debug|Win32.ActiveCfg = Debug|Win32
		{EF77E343-78A0-4A6E-B33E-84600964E30C}.Debug|Win32.Build.0 = Debug|Win32
		{EF77E343-78A0-4A6E-B33E-84600964E30C}.Release|Win32.ActiveCfg = Release|Win32
		{EF77E343-78A0-4A6E-B33E-84600964E30C}.Release|Win32.Build.0 = Release|Win32
		{7748A19E-71A9-4109-BD6C-8FD6F6219C97}.Debug|Win32.ActiveCfg = Debug|Win32
		{7748A19E-71A9-4109-BD6C-8FD6F6219C97}.Debug|Win32.Build.0 = Debug|Win32
		{7748A19E-71A9-4109-BD6C-8FD6F6219C97}.Release|Win32.ActiveCfg = Release|Win32
		{7748A19E-71A9-4109-BD6C-8FD6F6219C97}.Release|Win32.Build.0 = Release|Win32
		{60E8FAEE-0719-4F43-A601-7DD950B37710}.Debug|Win32.ActiveCfg = Debug|Win32
		{60E8FAEE-0719-4F43-A601-7DD950B37710}.Debug|Win32.Build.0 = Debug|Win32
		{60E8FAEE-0719-4F43-A601-7DD950B37710}.Release|Win32.ActiveCfg = Release|Win32
		{60E8FAEE-0719-4F43-A601-7DD950B37710}.Release|Win32.Build.0 = Release|Win32
		{1EDD33E6-9888-4C94-AC86-53E27E57EBAD}.Debug|Win32.ActiveCfg = Debug|Win32
		{1EDD33E6-9888-4C94-AC86-53E27E57EBAD}.Debug|Win32.Build.0 = Debug|Win32
		{1EDD33E6-9888-4C94-AC86-53E27E57EBAD}.Release|Win32.ActiveCfg = Release|Win32
		{1EDD33E6-9888-4C94-AC86-53E27E57EBAD}.Release|Win32.Build.0 = Release|Win32
		{43048599-65D4-4F45-A0AE-DB135D9F35BB}.Debug|Win32.ActiveCfg = Debug|Win32
		{43048599-65D4-4F45-A0AE-DB135D9F35BB}.Debug|Win32.Build.0 = Debug|Win32
		{43048599-65D4-4F45-A0AE-DB135D9F35BB}.Release|Win32.ActiveCfg = Release|Win32
		{43048599-65D4-4F45-A0AE-DB135D9F35BB}.Release|Win32.Build.0 = Release|Win32
		{BD04B9FA-6D07-4AA8-AB74-685B26B770A8}.Debug|Win32.ActiveCfg = Debug|Win32
		{BD04B9FA-6D07-4AA8-AB74-685B26B770A8}.Debug|Win32.Build.0 = Debug|Win32
		{BD04B9FA-6D07-4AA8-AB74-685B26B770A8}.Release|Win32.ActiveCfg = Release|Win32
		{BD04B9FA-6D07-4AA8-AB74-685B26B770A8}.Release|Win32.Build.0 = Release|Win32
		{D4BBCAD1-096B-4292-A41B-783F5194838E}.Debug|Win32.ActiveCfg = Debug|Win32
		{D4BBCAD1-096B-4292-A41B-783F5194838E}.Debug|Win32.Build.0 = Debug|Win32
		{D4BBCAD1-096B-4292-A41B-783F5194838E}.Release|Win32.ActiveCfg = Release|Win32
		{D4BBCAD1-096B-4292-A41B-783F5194838E}.Release|Win32.Build.0 = Release|Win32
		{7CA99E14-AE85-43F9-AC7E-EB5084C31556}.Debug|Win32.ActiveCfg = Debug|Win32
		{7CA99E14-AE85-43F9-AC7E-EB5084C31556}.Debug|Win32.Build.0 = Debug|Win32
		{7CA99E14-AE85-43F9-AC7E-EB5084C31556}.Release|Win32.ActiveCfg = Release|Win32
		{7CA99E14-AE85-43F9-AC7E-EB5084C31556}.Release|Win32.Build.0 = Release|Win32
		{FE066439-1D3D-4BC1-974E-2B193AF0EEAE}.Debug|Win32.ActiveCfg = Debug|Win32
		{FE066439-1D3D-4BC1-974E-2B193AF0EEAE}.Debug|Win32.Build.0 = Debug|Win32
		{FE066439-1D3D-4BC1-974E-2B193AF0EEAE}.Release|Win32.ActiveCfg = Release|Win32
		{FE066439-1D3D-4BC1-974E-2B193AF0EEAE}.Release|Win32.Build.0 = Release|Win32
		{19DF01EA-6D56-478A-9D6A-C838FEE2403E}.Debug|Win32.ActiveCfg = Debug|Win32
		{19DF01EA-6D56-478A-9D6A-C838FEE2403E}.Debug|Win32.Build.0 = Debug|Win32
		{19DF01EA-6D56-478A-9D6A-C838FEE2403E}.Release|Win32.ActiveCfg = Release|Win32
		{19DF01EA-6D56-478A-9D6A-C838FEE2403E}.Release|Win32.Build.0 = Release|Win32
		{9153F029-5B01-4198-95A8-CF7B461D510A}.Debug|Win32.ActiveCfg = Debug|Win32
		{9153F029-5B01-4198-95A8-CF7B461D510A}.Debug|Win32.Build.0 = Debug|Win32
		{9153F029-5B01-4198-95A8-CF7B461D510A}.Release|Win32.ActiveCfg = Release|Win32
		{9153F029-5B01-4198-95A8-CF7B461D510A}.Release|Win32.Build.0 = Release|Win32
		{008E90BA-197B-424F-95DD-D2519B6E2B89}.Debug|Win32.ActiveCfg = Debug|Win32
		{008E90BA-197B-424F-95DD-D2519B6E2B89}.Debug|Win32.Build.0 = Debug|Win32
		{008E90BA-197B-424F-95DD-D2519B6E2B89}.Release|Win32.ActiveCfg = Release|Win32
		{008E90BA-197B-424F-95DD-D2519B6E2B89}.Release|Win32.Build.0 = Release|Win32
		{E434E969-34DA-4787-87C6-4614F4614A04}.Debug|Win32.ActiveCfg = Debug|Win32
		{E434E969-34DA-4787-87C6-4614F4614A04}.Debug|Win32.Build.0 = Debug|Win32
		{E434E969-34DA-4787-87C6-4614F4614A04}.Release|Win32.ActiveCfg = Release|Win32
		{E434E969-34DA-4787-87C6-4614F4614A04}.Release|Win32.Build.0 = Release|Win32
		{46DACBD5-EB20-4C5C-A427-930135EE153F}.Debug|Win32.ActiveCfg = Debug|Win32
		{46DACBD5-EB20-4C5C-A427-930135EE153F}.Debug|Win32.Build.0 = Debug|Win32
		{46DACBD5-EB20-4C5C-A427-930135EE153F}.Release|Win32.ActiveCfg = Release|Win32
		{46DACBD5-EB20-4C5C-A427-930135EE153F}.Release|Win32.Build.0 = Release|Win32
		{500A2D71-C943-48FC-9231-4EB06A418F6B}.Debug|Win32.ActiveCfg = Debug|Win32
		{500A2D71-C943-48FC-9231-4EB06A418F6B}.Debug|Win32.Build.0 = Debug|Win32
		{500A2D71-C943-48FC-9231-4EB06A418F6B}.Release|Win32.ActiveCfg = Release|Win32
		{500A2D71-C943-48FC-9231-4EB06A418F6B}.Release|Win32.Build.0 = Release|Win32
		{E483F2CB-3EA0-40DF-A867-47585A7FB911}.Debug|Win32.ActiveCfg = Debug|Win32
		{E483F2CB-3EA0-40DF-A867-47585A7FB911}.Debug|Win32.Build.0 = Debug|Win32
		{E483F2CB-3EA0-40DF-A867-47585A7FB911}.Release|Win32.ActiveCfg = Release|Win32
		{E483F2CB-3EA0-40DF-A867-47585A7FB911}.Release|Win32.Build.0 = Release|Win32
		{B146426B-1499-4BAE-9293-CA36195EA542}.Debug|Win32.ActiveCfg = Debug|Win32
		{B146426B-1499-4BAE-9293-CA36195EA542}.Debug|Win32.Build.0 = Debug|Win32
		{B146426B-1499-4BAE-9293-CA36195EA542}.Release|Win32.ActiveCfg = Release|Win32
		{B146426B-1499-4BAE-9293-CA36195EA542}.Release|Win32.Build.0 = Release|Win32
		{8A62E726-2CF4-4D19-B4A2-CD7D924ACDF4}.Debug|Win32.ActiveCfg = Debug|Win32
		{8A62E726-2CF4-4D19-B4A2-CD7D924ACDF4}.Debug|Win32.Build.0 = Debug|Win32
		{8A62E726-2CF4-4D19-B4A2-CD7D924ACDF4}.Release|Win32.ActiveCfg = Release|Win32
		{8A62E726-2CF4-4D19-B4A2-CD7D924ACDF4}.Release|Win32.Build.0 = Release|Win32
		{ED0C3C33-843C-449A-8408-F22C993ECB5E}.Debug|Win32.ActiveCfg = Debug|Win32
		{ED0C3C33-843C-449A-8408-F22C993ECB5E}.Debug|Win32.Build.0 = Debug|Win32
		{ED0C3C33-843C-449A-8408-F22C993ECB5E}.Release|Win32.ActiveCfg = Release|Win32
		{ED0C3C33-843C-449A-8408-F22C993ECB5E}.Release|Win32.Build.0 = Release|Win32
		{7AF7B5A2-F5A4-4DA4-9653-B223860CAE7D}.Debug|Win32.ActiveCfg = Debug|Win32
		{7AF7B5A2-F5A4-4DA4-9653-B223860CAE7D}.Debug|Win32.Build.0 = Debug|Win32
		{7AF7B5A2-F5A4-4DA4-9653-B223860CAE7D}.Release|Win32.ActiveCfg = Release|Win32
		{7AF7B5A2-F5A4-4DA4-9653-B223860CAE7D}.Release|Win32.Build.0 = Release|Win32
		{F45E20C6-3E5B-4AB5-8D55-07DC77A3CA29}.Debug|Win32.ActiveCfg = Debug|Win32
		{F45E20C6-3E5B-4AB5-8D55-07DC77A3CA29}.Debug|Win32.Build.0 = Debug|Win32
		{F45E20C6-3E5B-4AB5-8D55-07DC77A3CA29}.Release|Win32.ActiveCfg = Release|Win32
		{F45E20C6-3E5B-4AB5-8D55-07DC77A3CA29}.Release|Win32.Build.0 = Release|Win32
		{6BD6581B-3E29-4623-8BC3-7054B166FD5C}.Debug|Win32.ActiveCfg = Debug|Win32
		{6BD6581B-3E29-4623-8BC3-7054B166FD5C}.Debug|Win32.Build.0 = Debug|Win32
		{6BD6581B-3E29-4623-8BC3-7054B166FD5C}.Release|Win32.ActiveCfg = Release|Win32
		{6BD6581B-3E29-4623-8BC3-7054B166FD5C}.Release|Win32.Build.0 = Release|Win32
		{CD5E972E-24E9-4C1E-AAB9-1DA7FE1711C1}.Debug|Win32.ActiveCfg = Debug|Win32
		{CD5E972E-24E9-4C1E-AAB9-1DA7FE1711C1}.Debug|Win32.Build.0 = Debug|Win32
		{CD5E972E-24E9-4C1E-AAB9-1DA7FE1711C1}.Release|Win32.ActiveCfg = Release|Win32
		{CD5E972E-24E9-4C1E-AAB9-1DA7FE1711C1}.Release|Win32.Build.0 = Release|Win32
		{DDC8E59E-F1C9-4D63-B9BB-84280F84C4C6}.Debug|Win32.ActiveCfg = Debug|Win32
		{DDC8E59E-F1C9-4D63-B9BB-84280F84C4C6}.Debug|Win32.Build.0 = Debug|Win32
		{DDC8E59E-F1C9-4D63-B9BB-84280F84C4C6}.Release|Win32.ActiveCfg = Release|Win32
		{DDC8E59E-F1C9-4D63-B9BB-84280F84C4C6}.Release|Win32.Build.0 = Release|Win32
		{DC4272A3-2B27-4E65-B368-2470060A28EB}.Debug|Win32.ActiveCfg = Debug|Win32
		{DC4272A3-2B27-4E65-B368-2470060A28EB}.Debug|Win32.Build.0 = Debug|Win32
		{DC4272A3-2B27-4E65-B368-2470060A28EB}.Release|Win32.ActiveCfg = Release|Win32
		{DC4272A3-2B27-4E65-B368-2470060A28EB}.Release|Win32.Build.0 = Release|Win32
		{B1004FEE-7ABE-40B9-95F2-AD6EF77BDAE1}.Debug|Win32.ActiveCfg = Debug|Win32
		{B1004FEE-7ABE-40B9-95F2-AD6EF77BDAE1}.Debug|Win32.Build.0 = Debug|Win32
		{B1004FEE-7ABE-40B9-95F2-AD6EF77BDAE1}.Release|Win32.ActiveCfg = Release|Win32
		{B1004FEE-7ABE-40B9-95F2-AD6EF77BDAE1}.Release|Win32.Build.0 = Release|Win32
		{EA8453E8-E382-46F5-80DE-6C1EF507C5E3}.Debug|Win32.ActiveCfg = Debug|Win32
		{EA8453E8-E382-46F5-80DE-6C1EF507C5E3}.Debug|Win32.Build.0 = Debug|Win32
		{EA8453E8-E382-46F5-80DE-6C1EF507C5E3}.Release|Win32.ActiveCfg = Release|Win32
		{EA8453E8-E382-46F5-80DE-6C1EF507C5E3}.Release|Win32.Build.0 = Release|Win32
		{807B5D29-EA88-450D-9F01-FE1FF318648E}.Debug|Win32.ActiveCfg = Debug|Win32
		{807B5D29-EA88-450D-9F01-FE1FF318648E}.Debug|Win32.Build.0 = Debug|Win32
		{807B5D29-EA88-450D-9F01-FE1FF318648E}.Release|Win32.ActiveCfg = Release|Win32
		{807B5D29-EA88-450D-9F01-FE1FF318648E}.Release|Win32.Build.0 = Release|Win32
		{9702042E-B088-45F4-BF00-2DCEF510C2E7}.Debug|Win32.ActiveCfg = Debug|Win32
		{9702042E-B088-45F4-BF00-2DCEF510C2E7}.Debug|Win32.Build.0 = Debug|Win32
		{9702042E-B088-45F4-BF00-2DCEF510C2E7}.Release|Win32.ActiveCfg = Release|Win32
		{9702042E-B088-45F4-BF00-2DCEF510C2E7}.Release|Win32.Build.0 = Release|Win32
		{E3355F58-31D6-44AC-BEA2-E2D735AF4F4E}.Debug|Win32.ActiveCfg = Debug|Win32
		{E3355F58-31D6-44AC-BEA2-E2D735AF4F4E}.Debug|Win32.Build.0 = Debug|Win32
		{E3355F58-31D6-44AC-BEA2-E2D735AF4F4E}.Release|Win32.ActiveCfg = Release|Win32
		{E3355F58-31D6-44AC-BEA2-E2D735AF4F4E}.Release|Win32.Build.0 = Release|Win32
	EndGlobalSection
	GlobalSection(SolutionProperties) = preSolution
		HideSolutionNode = FALSE
	EndGlobalSection
EndGlobal
