
Microsoft Visual Studio Solution File, Format Version 10.00
# Visual C++ Express 2008
Project("{8BC9CEB8-8B4A-11D0-8D11-00A0C91BC942}") = "ex4_1", "ex4\ex4.vcproj", "{FF0245A6-8F7A-410C-BF71-8E7CB053025C}"
EndProject
Project("{8BC9CEB8-8B4A-11D0-8D11-00A0C91BC942}") = "ex4_2", "ex4_2\ex4_2.vcproj", "{E2E7B0D6-B0C0-4C3F-AABA-E7804AE61AFF}"
EndProject
Project("{8BC9CEB8-8B4A-11D0-8D11-00A0C91BC942}") = "ex4_3", "ex4_3\ex4_3.vcproj", "{B2D9A0C4-19D5-4603-ACAF-E00AC9531439}"
EndProject
Project("{8BC9CEB8-8B4A-11D0-8D11-00A0C91BC942}") = "ex4_4", "ex4_4\ex4_4.vcproj", "{01844AB8-62D8-4B18-9416-BB98120BE881}"
EndProject
Global
	GlobalSection(SolutionConfigurationPlatforms) = preSolution
		Debug|Win32 = Debug|Win32
		Release|Win32 = Release|Win32
	EndGlobalSection
	GlobalSection(ProjectConfigurationPlatforms) = postSolution
		{FF0245A6-8F7A-410C-BF71-8E7CB053025C}.Debug|Win32.ActiveCfg = Debug|Win32
		{FF0245A6-8F7A-410C-BF71-8E7CB053025C}.Debug|Win32.Build.0 = Debug|Win32
		{FF0245A6-8F7A-410C-BF71-8E7CB053025C}.Release|Win32.ActiveCfg = Release|Win32
		{FF0245A6-8F7A-410C-BF71-8E7CB053025C}.Release|Win32.Build.0 = Release|Win32
		{E2E7B0D6-B0C0-4C3F-AABA-E7804AE61AFF}.Debug|Win32.ActiveCfg = Debug|Win32
		{E2E7B0D6-B0C0-4C3F-AABA-E7804AE61AFF}.Debug|Win32.Build.0 = Debug|Win32
		{E2E7B0D6-B0C0-4C3F-AABA-E7804AE61AFF}.Release|Win32.ActiveCfg = Release|Win32
		{E2E7B0D6-B0C0-4C3F-AABA-E7804AE61AFF}.Release|Win32.Build.0 = Release|Win32
		{B2D9A0C4-19D5-4603-ACAF-E00AC9531439}.Debug|Win32.ActiveCfg = Debug|Win32
		{B2D9A0C4-19D5-4603-ACAF-E00AC9531439}.Debug|Win32.Build.0 = Debug|Win32
		{B2D9A0C4-19D5-4603-ACAF-E00AC9531439}.Release|Win32.ActiveCfg = Release|Win32
		{B2D9A0C4-19D5-4603-ACAF-E00AC9531439}.Release|Win32.Build.0 = Release|Win32
		{01844AB8-62D8-4B18-9416-BB98120BE881}.Debug|Win32.ActiveCfg = Debug|Win32
		{01844AB8-62D8-4B18-9416-BB98120BE881}.Debug|Win32.Build.0 = Debug|Win32
		{01844AB8-62D8-4B18-9416-BB98120BE881}.Release|Win32.ActiveCfg = Release|Win32
		{01844AB8-62D8-4B18-9416-BB98120BE881}.Release|Win32.Build.0 = Release|Win32
	EndGlobalSection
	GlobalSection(SolutionProperties) = preSolution
		HideSolutionNode = FALSE
	EndGlobalSection
EndGlobal
