
Microsoft Visual Studio Solution File, Format Version 10.00
# Visual C++ Express 2008
Project("{8BC9CEB8-8B4A-11D0-8D11-00A0C91BC942}") = "c2_1", "c2\c2.vcproj", "{D538D29C-9218-47E8-B385-7FAD77B7CE59}"
EndProject
Project("{8BC9CEB8-8B4A-11D0-8D11-00A0C91BC942}") = "c2_2", "c2_2\c2_2.vcproj", "{656AEB76-7570-4DDC-B878-6F63D35EA2CC}"
EndProject
Project("{8BC9CEB8-8B4A-11D0-8D11-00A0C91BC942}") = "c2_3", "c2_3\c2_3.vcproj", "{8164A3F8-E71E-4FD3-BB83-54B7B69DCBFE}"
EndProject
Project("{8BC9CEB8-8B4A-11D0-8D11-00A0C91BC942}") = "c2_4", "c2_4\c2_4.vcproj", "{43ABCA62-D88C-4705-BA5C-B9567077E9CD}"
EndProject
Project("{8BC9CEB8-8B4A-11D0-8D11-00A0C91BC942}") = "c2_5", "c2_5\c2_5.vcproj", "{DFCCFCC6-5A4A-41B9-A216-50106D5FA2DA}"
EndProject
Project("{8BC9CEB8-8B4A-11D0-8D11-00A0C91BC942}") = "c2_6", "c2_6\c2_6.vcproj", "{C3BF8966-C285-43BA-A5F9-F1D52D32917E}"
EndProject
Project("{8BC9CEB8-8B4A-11D0-8D11-00A0C91BC942}") = "c2_7", "c2_7\c2_7.vcproj", "{A90B9810-0175-4D0F-A7EA-2EA201818E5B}"
EndProject
Project("{8BC9CEB8-8B4A-11D0-8D11-00A0C91BC942}") = "homework1", "homework1\homework1.vcproj", "{01E5DB6D-56B3-46C5-A947-6B1422E8DF03}"
EndProject
Project("{8BC9CEB8-8B4A-11D0-8D11-00A0C91BC942}") = "homework2", "homework2\homework2.vcproj", "{C268EC35-0A90-46A4-B5FA-42EF9D2887BF}"
EndProject
Project("{8BC9CEB8-8B4A-11D0-8D11-00A0C91BC942}") = "homework3", "homework3\homework3.vcproj", "{50701BEC-4209-40BE-8E8B-7C63142A397A}"
EndProject
Project("{8BC9CEB8-8B4A-11D0-8D11-00A0C91BC942}") = "homework4", "homework4\homework4.vcproj", "{AC72B2CF-CA74-48A9-8EEE-1B537757D2A7}"
EndProject
Project("{8BC9CEB8-8B4A-11D0-8D11-00A0C91BC942}") = "homework5", "homework5\homework5.vcproj", "{6E38373F-700B-497D-AFFD-EB358E221458}"
EndProject
Project("{8BC9CEB8-8B4A-11D0-8D11-00A0C91BC942}") = "homework6", "homework6\homework6.vcproj", "{8F6A4704-DFE2-4DBD-BB8D-1DA971B82D76}"
EndProject
Project("{8BC9CEB8-8B4A-11D0-8D11-00A0C91BC942}") = "homework7", "homework\homework.vcproj", "{FFBF9297-A516-478C-B55C-6E7702080444}"
EndProject
Project("{8BC9CEB8-8B4A-11D0-8D11-00A0C91BC942}") = "homework8", "homework8\homework8.vcproj", "{C7E6E0E6-2A89-41CC-AA91-B64CE2EB2CAF}"
EndProject
Global
	GlobalSection(SolutionConfigurationPlatforms) = preSolution
		Debug|Win32 = Debug|Win32
		Release|Win32 = Release|Win32
	EndGlobalSection
	GlobalSection(ProjectConfigurationPlatforms) = postSolution
		{D538D29C-9218-47E8-B385-7FAD77B7CE59}.Debug|Win32.ActiveCfg = Debug|Win32
		{D538D29C-9218-47E8-B385-7FAD77B7CE59}.Debug|Win32.Build.0 = Debug|Win32
		{D538D29C-9218-47E8-B385-7FAD77B7CE59}.Release|Win32.ActiveCfg = Release|Win32
		{D538D29C-9218-47E8-B385-7FAD77B7CE59}.Release|Win32.Build.0 = Release|Win32
		{656AEB76-7570-4DDC-B878-6F63D35EA2CC}.Debug|Win32.ActiveCfg = Debug|Win32
		{656AEB76-7570-4DDC-B878-6F63D35EA2CC}.Debug|Win32.Build.0 = Debug|Win32
		{656AEB76-7570-4DDC-B878-6F63D35EA2CC}.Release|Win32.ActiveCfg = Release|Win32
		{656AEB76-7570-4DDC-B878-6F63D35EA2CC}.Release|Win32.Build.0 = Release|Win32
		{8164A3F8-E71E-4FD3-BB83-54B7B69DCBFE}.Debug|Win32.ActiveCfg = Debug|Win32
		{8164A3F8-E71E-4FD3-BB83-54B7B69DCBFE}.Debug|Win32.Build.0 = Debug|Win32
		{8164A3F8-E71E-4FD3-BB83-54B7B69DCBFE}.Release|Win32.ActiveCfg = Release|Win32
		{8164A3F8-E71E-4FD3-BB83-54B7B69DCBFE}.Release|Win32.Build.0 = Release|Win32
		{43ABCA62-D88C-4705-BA5C-B9567077E9CD}.Debug|Win32.ActiveCfg = Debug|Win32
		{43ABCA62-D88C-4705-BA5C-B9567077E9CD}.Debug|Win32.Build.0 = Debug|Win32
		{43ABCA62-D88C-4705-BA5C-B9567077E9CD}.Release|Win32.ActiveCfg = Release|Win32
		{43ABCA62-D88C-4705-BA5C-B9567077E9CD}.Release|Win32.Build.0 = Release|Win32
		{DFCCFCC6-5A4A-41B9-A216-50106D5FA2DA}.Debug|Win32.ActiveCfg = Debug|Win32
		{DFCCFCC6-5A4A-41B9-A216-50106D5FA2DA}.Debug|Win32.Build.0 = Debug|Win32
		{DFCCFCC6-5A4A-41B9-A216-50106D5FA2DA}.Release|Win32.ActiveCfg = Release|Win32
		{DFCCFCC6-5A4A-41B9-A216-50106D5FA2DA}.Release|Win32.Build.0 = Release|Win32
		{C3BF8966-C285-43BA-A5F9-F1D52D32917E}.Debug|Win32.ActiveCfg = Debug|Win32
		{C3BF8966-C285-43BA-A5F9-F1D52D32917E}.Debug|Win32.Build.0 = Debug|Win32
		{C3BF8966-C285-43BA-A5F9-F1D52D32917E}.Release|Win32.ActiveCfg = Release|Win32
		{C3BF8966-C285-43BA-A5F9-F1D52D32917E}.Release|Win32.Build.0 = Release|Win32
		{A90B9810-0175-4D0F-A7EA-2EA201818E5B}.Debug|Win32.ActiveCfg = Debug|Win32
		{A90B9810-0175-4D0F-A7EA-2EA201818E5B}.Debug|Win32.Build.0 = Debug|Win32
		{A90B9810-0175-4D0F-A7EA-2EA201818E5B}.Release|Win32.ActiveCfg = Release|Win32
		{A90B9810-0175-4D0F-A7EA-2EA201818E5B}.Release|Win32.Build.0 = Release|Win32
		{01E5DB6D-56B3-46C5-A947-6B1422E8DF03}.Debug|Win32.ActiveCfg = Debug|Win32
		{01E5DB6D-56B3-46C5-A947-6B1422E8DF03}.Debug|Win32.Build.0 = Debug|Win32
		{01E5DB6D-56B3-46C5-A947-6B1422E8DF03}.Release|Win32.ActiveCfg = Release|Win32
		{01E5DB6D-56B3-46C5-A947-6B1422E8DF03}.Release|Win32.Build.0 = Release|Win32
		{C268EC35-0A90-46A4-B5FA-42EF9D2887BF}.Debug|Win32.ActiveCfg = Debug|Win32
		{C268EC35-0A90-46A4-B5FA-42EF9D2887BF}.Debug|Win32.Build.0 = Debug|Win32
		{C268EC35-0A90-46A4-B5FA-42EF9D2887BF}.Release|Win32.ActiveCfg = Release|Win32
		{C268EC35-0A90-46A4-B5FA-42EF9D2887BF}.Release|Win32.Build.0 = Release|Win32
		{50701BEC-4209-40BE-8E8B-7C63142A397A}.Debug|Win32.ActiveCfg = Debug|Win32
		{50701BEC-4209-40BE-8E8B-7C63142A397A}.Debug|Win32.Build.0 = Debug|Win32
		{50701BEC-4209-40BE-8E8B-7C63142A397A}.Release|Win32.ActiveCfg = Release|Win32
		{50701BEC-4209-40BE-8E8B-7C63142A397A}.Release|Win32.Build.0 = Release|Win32
		{AC72B2CF-CA74-48A9-8EEE-1B537757D2A7}.Debug|Win32.ActiveCfg = Debug|Win32
		{AC72B2CF-CA74-48A9-8EEE-1B537757D2A7}.Debug|Win32.Build.0 = Debug|Win32
		{AC72B2CF-CA74-48A9-8EEE-1B537757D2A7}.Release|Win32.ActiveCfg = Release|Win32
		{AC72B2CF-CA74-48A9-8EEE-1B537757D2A7}.Release|Win32.Build.0 = Release|Win32
		{6E38373F-700B-497D-AFFD-EB358E221458}.Debug|Win32.ActiveCfg = Debug|Win32
		{6E38373F-700B-497D-AFFD-EB358E221458}.Debug|Win32.Build.0 = Debug|Win32
		{6E38373F-700B-497D-AFFD-EB358E221458}.Release|Win32.ActiveCfg = Release|Win32
		{6E38373F-700B-497D-AFFD-EB358E221458}.Release|Win32.Build.0 = Release|Win32
		{8F6A4704-DFE2-4DBD-BB8D-1DA971B82D76}.Debug|Win32.ActiveCfg = Debug|Win32
		{8F6A4704-DFE2-4DBD-BB8D-1DA971B82D76}.Debug|Win32.Build.0 = Debug|Win32
		{8F6A4704-DFE2-4DBD-BB8D-1DA971B82D76}.Release|Win32.ActiveCfg = Release|Win32
		{8F6A4704-DFE2-4DBD-BB8D-1DA971B82D76}.Release|Win32.Build.0 = Release|Win32
		{FFBF9297-A516-478C-B55C-6E7702080444}.Debug|Win32.ActiveCfg = Debug|Win32
		{FFBF9297-A516-478C-B55C-6E7702080444}.Debug|Win32.Build.0 = Debug|Win32
		{FFBF9297-A516-478C-B55C-6E7702080444}.Release|Win32.ActiveCfg = Release|Win32
		{FFBF9297-A516-478C-B55C-6E7702080444}.Release|Win32.Build.0 = Release|Win32
		{C7E6E0E6-2A89-41CC-AA91-B64CE2EB2CAF}.Debug|Win32.ActiveCfg = Debug|Win32
		{C7E6E0E6-2A89-41CC-AA91-B64CE2EB2CAF}.Debug|Win32.Build.0 = Debug|Win32
		{C7E6E0E6-2A89-41CC-AA91-B64CE2EB2CAF}.Release|Win32.ActiveCfg = Release|Win32
		{C7E6E0E6-2A89-41CC-AA91-B64CE2EB2CAF}.Release|Win32.Build.0 = Release|Win32
	EndGlobalSection
	GlobalSection(SolutionProperties) = preSolution
		HideSolutionNode = FALSE
	EndGlobalSection
EndGlobal
