
Microsoft Visual Studio Solution File, Format Version 10.00
# Visual C++ Express 2008
Project("{8BC9CEB8-8B4A-11D0-8D11-00A0C91BC942}") = "c_ex3_5", "ex1\ex1.vcproj", "{006E6CDD-7951-4BC3-8E83-D93B80B7A2E9}"
EndProject
Project("{8BC9CEB8-8B4A-11D0-8D11-00A0C91BC942}") = "ex3_1", "ex3_1\ex3_1.vcproj", "{E4DA10ED-0692-4AE4-873C-E8B3F35DBD93}"
EndProject
Project("{8BC9CEB8-8B4A-11D0-8D11-00A0C91BC942}") = "c_ex3_2", "c_ex2\c_ex2.vcproj", "{4C89FAA0-E09B-4F00-85CF-07DDBE6BC467}"
EndProject
Project("{8BC9CEB8-8B4A-11D0-8D11-00A0C91BC942}") = "c_ex3_3", "c_ex3_3\c_ex3_3.vcproj", "{5A61160A-2107-495A-A6A2-0633EB64F62B}"
EndProject
Project("{8BC9CEB8-8B4A-11D0-8D11-00A0C91BC942}") = "c_ex3_4", "c_ex3_4\c_ex3_4.vcproj", "{762F2751-5219-432E-90C8-AA9C6C5A2ED0}"
EndProject
Global
	GlobalSection(SolutionConfigurationPlatforms) = preSolution
		Debug|Win32 = Debug|Win32
		Release|Win32 = Release|Win32
	EndGlobalSection
	GlobalSection(ProjectConfigurationPlatforms) = postSolution
		{006E6CDD-7951-4BC3-8E83-D93B80B7A2E9}.Debug|Win32.ActiveCfg = Debug|Win32
		{006E6CDD-7951-4BC3-8E83-D93B80B7A2E9}.Debug|Win32.Build.0 = Debug|Win32
		{006E6CDD-7951-4BC3-8E83-D93B80B7A2E9}.Release|Win32.ActiveCfg = Release|Win32
		{006E6CDD-7951-4BC3-8E83-D93B80B7A2E9}.Release|Win32.Build.0 = Release|Win32
		{E4DA10ED-0692-4AE4-873C-E8B3F35DBD93}.Debug|Win32.ActiveCfg = Debug|Win32
		{E4DA10ED-0692-4AE4-873C-E8B3F35DBD93}.Debug|Win32.Build.0 = Debug|Win32
		{E4DA10ED-0692-4AE4-873C-E8B3F35DBD93}.Release|Win32.ActiveCfg = Release|Win32
		{E4DA10ED-0692-4AE4-873C-E8B3F35DBD93}.Release|Win32.Build.0 = Release|Win32
		{4C89FAA0-E09B-4F00-85CF-07DDBE6BC467}.Debug|Win32.ActiveCfg = Debug|Win32
		{4C89FAA0-E09B-4F00-85CF-07DDBE6BC467}.Debug|Win32.Build.0 = Debug|Win32
		{4C89FAA0-E09B-4F00-85CF-07DDBE6BC467}.Release|Win32.ActiveCfg = Release|Win32
		{4C89FAA0-E09B-4F00-85CF-07DDBE6BC467}.Release|Win32.Build.0 = Release|Win32
		{5A61160A-2107-495A-A6A2-0633EB64F62B}.Debug|Win32.ActiveCfg = Debug|Win32
		{5A61160A-2107-495A-A6A2-0633EB64F62B}.Debug|Win32.Build.0 = Debug|Win32
		{5A61160A-2107-495A-A6A2-0633EB64F62B}.Release|Win32.ActiveCfg = Release|Win32
		{5A61160A-2107-495A-A6A2-0633EB64F62B}.Release|Win32.Build.0 = Release|Win32
		{762F2751-5219-432E-90C8-AA9C6C5A2ED0}.Debug|Win32.ActiveCfg = Debug|Win32
		{762F2751-5219-432E-90C8-AA9C6C5A2ED0}.Debug|Win32.Build.0 = Debug|Win32
		{762F2751-5219-432E-90C8-AA9C6C5A2ED0}.Release|Win32.ActiveCfg = Release|Win32
		{762F2751-5219-432E-90C8-AA9C6C5A2ED0}.Release|Win32.Build.0 = Release|Win32
	EndGlobalSection
	GlobalSection(SolutionProperties) = preSolution
		HideSolutionNode = FALSE
	EndGlobalSection
EndGlobal
