
Microsoft Visual Studio Solution File, Format Version 10.00
# Visual C++ Express 2008
Project("{8BC9CEB8-8B4A-11D0-8D11-00A0C91BC942}") = "c4_1", "c4\c4.vcproj", "{1D71813C-1693-41D7-80F4-E0D4720CB9DC}"
EndProject
Project("{8BC9CEB8-8B4A-11D0-8D11-00A0C91BC942}") = "c4-2", "c4-2\c4-2.vcproj", "{819BD8A0-091A-4FB6-9A07-3C566E33A9A6}"
EndProject
Project("{8BC9CEB8-8B4A-11D0-8D11-00A0C91BC942}") = "c4_3", "c4_3\c4_3.vcproj", "{939D031E-779E-4F82-B614-9C9F9AD1E167}"
EndProject
Project("{8BC9CEB8-8B4A-11D0-8D11-00A0C91BC942}") = "c4_4", "c4_4\c4_4.vcproj", "{CC93857B-6D6A-4E26-AEFC-791D4DFEB36B}"
EndProject
Project("{8BC9CEB8-8B4A-11D0-8D11-00A0C91BC942}") = "c4_5", "c4_5\c4_5.vcproj", "{51F08293-24F2-402C-8E40-F349999BCE84}"
EndProject
Project("{8BC9CEB8-8B4A-11D0-8D11-00A0C91BC942}") = "c4_6", "c4_6\c4_6.vcproj", "{EC60D6B7-E316-4FF7-8A91-A9D1F388F7B1}"
EndProject
Project("{8BC9CEB8-8B4A-11D0-8D11-00A0C91BC942}") = "c4_7", "c4_7\c4_7.vcproj", "{F77F0780-1A75-428D-BB91-ABDD5ABF9952}"
EndProject
Project("{8BC9CEB8-8B4A-11D0-8D11-00A0C91BC942}") = "c4_8", "c4_8\c4_8.vcproj", "{BBE57204-B785-4887-ADB5-7D5FEF8FD040}"
EndProject
Project("{8BC9CEB8-8B4A-11D0-8D11-00A0C91BC942}") = "homework4_1", "homework1\homework1.vcproj", "{D408097F-BB7C-4D61-94F3-2C9F39EB41F9}"
EndProject
Project("{8BC9CEB8-8B4A-11D0-8D11-00A0C91BC942}") = "homework4_3_4", "homework4_3\homework4_3.vcproj", "{A868F538-BA6D-417C-9200-58C943FDECB4}"
EndProject
Project("{8BC9CEB8-8B4A-11D0-8D11-00A0C91BC942}") = "homework4_5", "homework4_5\homework4_5.vcproj", "{08096395-6A55-43C1-B55D-F50A0D01E848}"
EndProject
Project("{8BC9CEB8-8B4A-11D0-8D11-00A0C91BC942}") = "homework4__6", "homework4__6\homework4__6.vcproj", "{97E67333-159F-428F-B61E-C6BA869801E0}"
EndProject
Project("{8BC9CEB8-8B4A-11D0-8D11-00A0C91BC942}") = "homework4_2", "homework4_2\homework4_2.vcproj", "{18920396-84A4-4D1A-9CBE-88FC7265380A}"
EndProject
Project("{8BC9CEB8-8B4A-11D0-8D11-00A0C91BC942}") = "homework4_7", "homework4_7\homework4_7.vcproj", "{BF3738D0-03EA-4412-8542-BBDD30AFFCBF}"
EndProject
Project("{8BC9CEB8-8B4A-11D0-8D11-00A0C91BC942}") = "homework4_8_1", "homework4_8_1\homework4_8_1.vcproj", "{78418108-1B13-42E5-8C49-CB0AE99C0ABA}"
EndProject
Project("{8BC9CEB8-8B4A-11D0-8D11-00A0C91BC942}") = "homework4_9", "homework4_9\homework4_9.vcproj", "{95C11092-409B-43A6-AFD8-E1C5C975414D}"
EndProject
Project("{8BC9CEB8-8B4A-11D0-8D11-00A0C91BC942}") = "homework4_10", "homework4_10\homework4_10.vcproj", "{11377BE7-7A4E-49E6-9AF2-D0F819F0B781}"
EndProject
Global
	GlobalSection(SolutionConfigurationPlatforms) = preSolution
		Debug|Win32 = Debug|Win32
		Release|Win32 = Release|Win32
	EndGlobalSection
	GlobalSection(ProjectConfigurationPlatforms) = postSolution
		{1D71813C-1693-41D7-80F4-E0D4720CB9DC}.Debug|Win32.ActiveCfg = Debug|Win32
		{1D71813C-1693-41D7-80F4-E0D4720CB9DC}.Debug|Win32.Build.0 = Debug|Win32
		{1D71813C-1693-41D7-80F4-E0D4720CB9DC}.Release|Win32.ActiveCfg = Release|Win32
		{1D71813C-1693-41D7-80F4-E0D4720CB9DC}.Release|Win32.Build.0 = Release|Win32
		{819BD8A0-091A-4FB6-9A07-3C566E33A9A6}.Debug|Win32.ActiveCfg = Debug|Win32
		{819BD8A0-091A-4FB6-9A07-3C566E33A9A6}.Debug|Win32.Build.0 = Debug|Win32
		{819BD8A0-091A-4FB6-9A07-3C566E33A9A6}.Release|Win32.ActiveCfg = Release|Win32
		{819BD8A0-091A-4FB6-9A07-3C566E33A9A6}.Release|Win32.Build.0 = Release|Win32
		{939D031E-779E-4F82-B614-9C9F9AD1E167}.Debug|Win32.ActiveCfg = Debug|Win32
		{939D031E-779E-4F82-B614-9C9F9AD1E167}.Debug|Win32.Build.0 = Debug|Win32
		{939D031E-779E-4F82-B614-9C9F9AD1E167}.Release|Win32.ActiveCfg = Release|Win32
		{939D031E-779E-4F82-B614-9C9F9AD1E167}.Release|Win32.Build.0 = Release|Win32
		{CC93857B-6D6A-4E26-AEFC-791D4DFEB36B}.Debug|Win32.ActiveCfg = Debug|Win32
		{CC93857B-6D6A-4E26-AEFC-791D4DFEB36B}.Debug|Win32.Build.0 = Debug|Win32
		{CC93857B-6D6A-4E26-AEFC-791D4DFEB36B}.Release|Win32.ActiveCfg = Release|Win32
		{CC93857B-6D6A-4E26-AEFC-791D4DFEB36B}.Release|Win32.Build.0 = Release|Win32
		{51F08293-24F2-402C-8E40-F349999BCE84}.Debug|Win32.ActiveCfg = Debug|Win32
		{51F08293-24F2-402C-8E40-F349999BCE84}.Debug|Win32.Build.0 = Debug|Win32
		{51F08293-24F2-402C-8E40-F349999BCE84}.Release|Win32.ActiveCfg = Release|Win32
		{51F08293-24F2-402C-8E40-F349999BCE84}.Release|Win32.Build.0 = Release|Win32
		{EC60D6B7-E316-4FF7-8A91-A9D1F388F7B1}.Debug|Win32.ActiveCfg = Debug|Win32
		{EC60D6B7-E316-4FF7-8A91-A9D1F388F7B1}.Debug|Win32.Build.0 = Debug|Win32
		{EC60D6B7-E316-4FF7-8A91-A9D1F388F7B1}.Release|Win32.ActiveCfg = Release|Win32
		{EC60D6B7-E316-4FF7-8A91-A9D1F388F7B1}.Release|Win32.Build.0 = Release|Win32
		{F77F0780-1A75-428D-BB91-ABDD5ABF9952}.Debug|Win32.ActiveCfg = Debug|Win32
		{F77F0780-1A75-428D-BB91-ABDD5ABF9952}.Debug|Win32.Build.0 = Debug|Win32
		{F77F0780-1A75-428D-BB91-ABDD5ABF9952}.Release|Win32.ActiveCfg = Release|Win32
		{F77F0780-1A75-428D-BB91-ABDD5ABF9952}.Release|Win32.Build.0 = Release|Win32
		{BBE57204-B785-4887-ADB5-7D5FEF8FD040}.Debug|Win32.ActiveCfg = Debug|Win32
		{BBE57204-B785-4887-ADB5-7D5FEF8FD040}.Debug|Win32.Build.0 = Debug|Win32
		{BBE57204-B785-4887-ADB5-7D5FEF8FD040}.Release|Win32.ActiveCfg = Release|Win32
		{BBE57204-B785-4887-ADB5-7D5FEF8FD040}.Release|Win32.Build.0 = Release|Win32
		{D408097F-BB7C-4D61-94F3-2C9F39EB41F9}.Debug|Win32.ActiveCfg = Debug|Win32
		{D408097F-BB7C-4D61-94F3-2C9F39EB41F9}.Debug|Win32.Build.0 = Debug|Win32
		{D408097F-BB7C-4D61-94F3-2C9F39EB41F9}.Release|Win32.ActiveCfg = Release|Win32
		{D408097F-BB7C-4D61-94F3-2C9F39EB41F9}.Release|Win32.Build.0 = Release|Win32
		{A868F538-BA6D-417C-9200-58C943FDECB4}.Debug|Win32.ActiveCfg = Debug|Win32
		{A868F538-BA6D-417C-9200-58C943FDECB4}.Debug|Win32.Build.0 = Debug|Win32
		{A868F538-BA6D-417C-9200-58C943FDECB4}.Release|Win32.ActiveCfg = Release|Win32
		{A868F538-BA6D-417C-9200-58C943FDECB4}.Release|Win32.Build.0 = Release|Win32
		{08096395-6A55-43C1-B55D-F50A0D01E848}.Debug|Win32.ActiveCfg = Debug|Win32
		{08096395-6A55-43C1-B55D-F50A0D01E848}.Debug|Win32.Build.0 = Debug|Win32
		{08096395-6A55-43C1-B55D-F50A0D01E848}.Release|Win32.ActiveCfg = Release|Win32
		{08096395-6A55-43C1-B55D-F50A0D01E848}.Release|Win32.Build.0 = Release|Win32
		{97E67333-159F-428F-B61E-C6BA869801E0}.Debug|Win32.ActiveCfg = Debug|Win32
		{97E67333-159F-428F-B61E-C6BA869801E0}.Debug|Win32.Build.0 = Debug|Win32
		{97E67333-159F-428F-B61E-C6BA869801E0}.Release|Win32.ActiveCfg = Release|Win32
		{97E67333-159F-428F-B61E-C6BA869801E0}.Release|Win32.Build.0 = Release|Win32
		{18920396-84A4-4D1A-9CBE-88FC7265380A}.Debug|Win32.ActiveCfg = Debug|Win32
		{18920396-84A4-4D1A-9CBE-88FC7265380A}.Debug|Win32.Build.0 = Debug|Win32
		{18920396-84A4-4D1A-9CBE-88FC7265380A}.Release|Win32.ActiveCfg = Release|Win32
		{18920396-84A4-4D1A-9CBE-88FC7265380A}.Release|Win32.Build.0 = Release|Win32
		{BF3738D0-03EA-4412-8542-BBDD30AFFCBF}.Debug|Win32.ActiveCfg = Debug|Win32
		{BF3738D0-03EA-4412-8542-BBDD30AFFCBF}.Debug|Win32.Build.0 = Debug|Win32
		{BF3738D0-03EA-4412-8542-BBDD30AFFCBF}.Release|Win32.ActiveCfg = Release|Win32
		{BF3738D0-03EA-4412-8542-BBDD30AFFCBF}.Release|Win32.Build.0 = Release|Win32
		{78418108-1B13-42E5-8C49-CB0AE99C0ABA}.Debug|Win32.ActiveCfg = Debug|Win32
		{78418108-1B13-42E5-8C49-CB0AE99C0ABA}.Debug|Win32.Build.0 = Debug|Win32
		{78418108-1B13-42E5-8C49-CB0AE99C0ABA}.Release|Win32.ActiveCfg = Release|Win32
		{78418108-1B13-42E5-8C49-CB0AE99C0ABA}.Release|Win32.Build.0 = Release|Win32
		{95C11092-409B-43A6-AFD8-E1C5C975414D}.Debug|Win32.ActiveCfg = Debug|Win32
		{95C11092-409B-43A6-AFD8-E1C5C975414D}.Debug|Win32.Build.0 = Debug|Win32
		{95C11092-409B-43A6-AFD8-E1C5C975414D}.Release|Win32.ActiveCfg = Release|Win32
		{95C11092-409B-43A6-AFD8-E1C5C975414D}.Release|Win32.Build.0 = Release|Win32
		{11377BE7-7A4E-49E6-9AF2-D0F819F0B781}.Debug|Win32.ActiveCfg = Debug|Win32
		{11377BE7-7A4E-49E6-9AF2-D0F819F0B781}.Debug|Win32.Build.0 = Debug|Win32
		{11377BE7-7A4E-49E6-9AF2-D0F819F0B781}.Release|Win32.ActiveCfg = Release|Win32
		{11377BE7-7A4E-49E6-9AF2-D0F819F0B781}.Release|Win32.Build.0 = Release|Win32
	EndGlobalSection
	GlobalSection(SolutionProperties) = preSolution
		HideSolutionNode = FALSE
	EndGlobalSection
EndGlobal
