
Microsoft Visual Studio Solution File, Format Version 10.00
# Visual C++ Express 2008
Project("{8BC9CEB8-8B4A-11D0-8D11-00A0C91BC942}") = "c3_1", "c3\c3.vcproj", "{DE5D8DF6-1C13-4BDE-86B8-524ED0A1A4B0}"
EndProject
Project("{8BC9CEB8-8B4A-11D0-8D11-00A0C91BC942}") = "c3_2", "c3_2\c3_2.vcproj", "{FA5578DC-6AB8-4F48-A916-F94A46B438EB}"
EndProject
Project("{8BC9CEB8-8B4A-11D0-8D11-00A0C91BC942}") = "c3_3", "c3_3\c3_3.vcproj", "{10EEA4BC-1AA9-46BA-814A-271627D3948C}"
EndProject
Project("{8BC9CEB8-8B4A-11D0-8D11-00A0C91BC942}") = "c3_4", "c3_4\c3_4.vcproj", "{89564ACA-1B67-4877-997D-C1A023689416}"
EndProject
Project("{8BC9CEB8-8B4A-11D0-8D11-00A0C91BC942}") = "c3_5", "c3_5\c3_5.vcproj", "{2A954674-37C6-4F0A-9AC7-36E38BA7AF5F}"
EndProject
Project("{8BC9CEB8-8B4A-11D0-8D11-00A0C91BC942}") = "c3_6", "c3_6\c3_6.vcproj", "{B60DEB48-1809-4D00-B74E-120D2A635B7D}"
EndProject
Project("{8BC9CEB8-8B4A-11D0-8D11-00A0C91BC942}") = "c3_7", "c3_7\c3_7.vcproj", "{A93B9B44-408C-4C8F-86D4-75D6E588D86D}"
EndProject
Project("{8BC9CEB8-8B4A-11D0-8D11-00A0C91BC942}") = "c3_8", "c3_8\c3_8.vcproj", "{5F65013C-F329-4EFA-BF84-C7C27BFC1DC3}"
EndProject
Project("{8BC9CEB8-8B4A-11D0-8D11-00A0C91BC942}") = "c3_9", "c3_9\c3_9.vcproj", "{FE01F058-C22C-491B-AAC6-DAD61D2319FC}"
EndProject
Project("{8BC9CEB8-8B4A-11D0-8D11-00A0C91BC942}") = "c3_10", "c3_10\c3_10.vcproj", "{C4A06B15-87EB-4049-B5F4-31020246518F}"
EndProject
Project("{8BC9CEB8-8B4A-11D0-8D11-00A0C91BC942}") = "classquestion1", "classquestion1\classquestion1.vcproj", "{0E368B14-DAC5-4F14-B990-7E57213D741C}"
EndProject
Project("{8BC9CEB8-8B4A-11D0-8D11-00A0C91BC942}") = "c3_11", "c3_11\c3_11.vcproj", "{0348E8BB-A582-42C1-9F0F-E2D9EF423BCC}"
EndProject
Project("{8BC9CEB8-8B4A-11D0-8D11-00A0C91BC942}") = "c3_12", "c3_12\c3_12.vcproj", "{81F05F99-80BD-42F6-83DF-DF536A0C136F}"
EndProject
Project("{8BC9CEB8-8B4A-11D0-8D11-00A0C91BC942}") = "c3_13", "c3_13\c3_13.vcproj", "{56A13079-C2A6-4A7A-8062-79FF7A1DD995}"
EndProject
Project("{8BC9CEB8-8B4A-11D0-8D11-00A0C91BC942}") = "c3_14", "c3_14\c3_14.vcproj", "{0A03AAE5-54C1-413F-93A5-9EBA84E750F8}"
EndProject
Project("{8BC9CEB8-8B4A-11D0-8D11-00A0C91BC942}") = "c3_15", "c3_15\c3_15.vcproj", "{62225E8E-A25B-47D4-A44F-54454E68D143}"
EndProject
Project("{8BC9CEB8-8B4A-11D0-8D11-00A0C91BC942}") = "c3-16", "c3-16\c3-16.vcproj", "{ED1A533A-04D4-466C-9E04-7CF4A4838D19}"
EndProject
Project("{8BC9CEB8-8B4A-11D0-8D11-00A0C91BC942}") = "c3_17", "c3_17\c3_17.vcproj", "{6B71B693-4F4E-4B7B-9A85-8E0C7703FDA6}"
EndProject
Project("{8BC9CEB8-8B4A-11D0-8D11-00A0C91BC942}") = "c3_18", "c3_18\c3_18.vcproj", "{A582D52D-7871-46E0-A5FC-48FD0AAC8FAB}"
EndProject
Project("{8BC9CEB8-8B4A-11D0-8D11-00A0C91BC942}") = "c3-19_20", "c3-19\c3-19.vcproj", "{25AFCE9D-C423-4D7F-9E18-E1DFC7F64DAA}"
EndProject
Project("{8BC9CEB8-8B4A-11D0-8D11-00A0C91BC942}") = "c3_21", "c3_21\c3_21.vcproj", "{EA3CC0AA-C5F3-4BFB-8E69-BF17AF7FBB91}"
EndProject
Project("{8BC9CEB8-8B4A-11D0-8D11-00A0C91BC942}") = "c3_22", "c3_22\c3_22.vcproj", "{15B8BD74-22BB-430A-B8A7-918D99E1994B}"
EndProject
Project("{8BC9CEB8-8B4A-11D0-8D11-00A0C91BC942}") = "c3_23", "c3_23\c3_23.vcproj", "{D69ADC5A-4450-40B4-9864-24906F02C40D}"
EndProject
Project("{8BC9CEB8-8B4A-11D0-8D11-00A0C91BC942}") = "c3_24", "c3_24\c3_24.vcproj", "{B135B300-B1AA-4668-9E2A-604E5EF723A0}"
EndProject
Project("{8BC9CEB8-8B4A-11D0-8D11-00A0C91BC942}") = "c3_24_2", "c3_25\c3_25.vcproj", "{97570C5C-07F0-41E4-BD4A-390073B66CE2}"
EndProject
Project("{8BC9CEB8-8B4A-11D0-8D11-00A0C91BC942}") = "c3_3_25", "c3_3_25\c3_3_25.vcproj", "{004FE35D-3FFB-4752-B0F1-61FC2994D0E4}"
EndProject
Project("{8BC9CEB8-8B4A-11D0-8D11-00A0C91BC942}") = "c3_26", "c3_26\c3_26.vcproj", "{2959F1EC-E898-4908-8FC9-F6879318E1C4}"
EndProject
Project("{8BC9CEB8-8B4A-11D0-8D11-00A0C91BC942}") = "c3_27", "c3_27\c3_27.vcproj", "{02955BA6-6041-442C-B97A-5ACB0A0C000D}"
EndProject
Project("{8BC9CEB8-8B4A-11D0-8D11-00A0C91BC942}") = "c3_28", "c3_28\c3_28.vcproj", "{A964B7C2-B312-435E-9A58-F9D56E59A23B}"
EndProject
Project("{8BC9CEB8-8B4A-11D0-8D11-00A0C91BC942}") = "c3_29", "c3_29\c3_29.vcproj", "{64A61CD2-4272-42B3-BB70-8879D2EEC08E}"
EndProject
Project("{8BC9CEB8-8B4A-11D0-8D11-00A0C91BC942}") = "c3_30", "c3_30\c3_30.vcproj", "{5384B371-DA6A-4BE6-8DD2-70B8507851A9}"
EndProject
Project("{8BC9CEB8-8B4A-11D0-8D11-00A0C91BC942}") = "c3_31", "c3_31\c3_31.vcproj", "{AC6A3B68-F4F5-426A-BFD3-86A1582F222D}"
EndProject
Project("{8BC9CEB8-8B4A-11D0-8D11-00A0C91BC942}") = "c3_32", "c3_32\c3_32.vcproj", "{30CA6C8F-7BB6-4FD0-B95F-98B5A261D469}"
EndProject
Project("{8BC9CEB8-8B4A-11D0-8D11-00A0C91BC942}") = "homework3_1", "homework1\homework1.vcproj", "{2E015131-158C-4E9C-8EA7-34D84CDD59CF}"
EndProject
Project("{8BC9CEB8-8B4A-11D0-8D11-00A0C91BC942}") = "homework3_2", "homework3_2\homework3_2.vcproj", "{D92B78AF-7DEC-4254-822C-9427DF2047F2}"
EndProject
Project("{8BC9CEB8-8B4A-11D0-8D11-00A0C91BC942}") = "homework3_3", "homework3_3\homework3_3.vcproj", "{4DE624AE-AB44-4380-A5C9-09C02FF22844}"
EndProject
Project("{8BC9CEB8-8B4A-11D0-8D11-00A0C91BC942}") = "homework3_4", "homework3_4\homework3_4.vcproj", "{2FC8470D-93B4-4AEB-A8B3-6532044AB98D}"
EndProject
Project("{8BC9CEB8-8B4A-11D0-8D11-00A0C91BC942}") = "homework3_5", "homework3_5\homework3_5.vcproj", "{599D3733-3378-4BAF-A66F-DE9021CD8109}"
EndProject
Project("{8BC9CEB8-8B4A-11D0-8D11-00A0C91BC942}") = "homework3_9", "homework3_9\homework3_9.vcproj", "{93336A77-F44A-455B-9890-572D4905CDF8}"
EndProject
Project("{8BC9CEB8-8B4A-11D0-8D11-00A0C91BC942}") = "homework3_10", "homework3_10\homework3_10.vcproj", "{20C7E7A5-5719-4187-819E-8E131EAB9126}"
EndProject
Project("{8BC9CEB8-8B4A-11D0-8D11-00A0C91BC942}") = "homework3_11", "homework3_11\homework3_11.vcproj", "{1114E09E-3F16-4E95-A74D-1ABD0340555B}"
EndProject
Project("{8BC9CEB8-8B4A-11D0-8D11-00A0C91BC942}") = "homework3_12", "homework3_12\homework3_12.vcproj", "{5DC2F67D-1B86-4015-9E85-D06BF3D8CC9E}"
EndProject
Project("{8BC9CEB8-8B4A-11D0-8D11-00A0C91BC942}") = "homework3_13", "homework3_13\homework3_13.vcproj", "{4DB24EE9-8518-4BB6-93C3-3FBCB0D660E1}"
EndProject
Global
	GlobalSection(SolutionConfigurationPlatforms) = preSolution
		Debug|Win32 = Debug|Win32
		Release|Win32 = Release|Win32
	EndGlobalSection
	GlobalSection(ProjectConfigurationPlatforms) = postSolution
		{DE5D8DF6-1C13-4BDE-86B8-524ED0A1A4B0}.Debug|Win32.ActiveCfg = Debug|Win32
		{DE5D8DF6-1C13-4BDE-86B8-524ED0A1A4B0}.Debug|Win32.Build.0 = Debug|Win32
		{DE5D8DF6-1C13-4BDE-86B8-524ED0A1A4B0}.Release|Win32.ActiveCfg = Release|Win32
		{DE5D8DF6-1C13-4BDE-86B8-524ED0A1A4B0}.Release|Win32.Build.0 = Release|Win32
		{FA5578DC-6AB8-4F48-A916-F94A46B438EB}.Debug|Win32.ActiveCfg = Debug|Win32
		{FA5578DC-6AB8-4F48-A916-F94A46B438EB}.Debug|Win32.Build.0 = Debug|Win32
		{FA5578DC-6AB8-4F48-A916-F94A46B438EB}.Release|Win32.ActiveCfg = Release|Win32
		{FA5578DC-6AB8-4F48-A916-F94A46B438EB}.Release|Win32.Build.0 = Release|Win32
		{10EEA4BC-1AA9-46BA-814A-271627D3948C}.Debug|Win32.ActiveCfg = Debug|Win32
		{10EEA4BC-1AA9-46BA-814A-271627D3948C}.Debug|Win32.Build.0 = Debug|Win32
		{10EEA4BC-1AA9-46BA-814A-271627D3948C}.Release|Win32.ActiveCfg = Release|Win32
		{10EEA4BC-1AA9-46BA-814A-271627D3948C}.Release|Win32.Build.0 = Release|Win32
		{89564ACA-1B67-4877-997D-C1A023689416}.Debug|Win32.ActiveCfg = Debug|Win32
		{89564ACA-1B67-4877-997D-C1A023689416}.Debug|Win32.Build.0 = Debug|Win32
		{89564ACA-1B67-4877-997D-C1A023689416}.Release|Win32.ActiveCfg = Release|Win32
		{89564ACA-1B67-4877-997D-C1A023689416}.Release|Win32.Build.0 = Release|Win32
		{2A954674-37C6-4F0A-9AC7-36E38BA7AF5F}.Debug|Win32.ActiveCfg = Debug|Win32
		{2A954674-37C6-4F0A-9AC7-36E38BA7AF5F}.Debug|Win32.Build.0 = Debug|Win32
		{2A954674-37C6-4F0A-9AC7-36E38BA7AF5F}.Release|Win32.ActiveCfg = Release|Win32
		{2A954674-37C6-4F0A-9AC7-36E38BA7AF5F}.Release|Win32.Build.0 = Release|Win32
		{B60DEB48-1809-4D00-B74E-120D2A635B7D}.Debug|Win32.ActiveCfg = Debug|Win32
		{B60DEB48-1809-4D00-B74E-120D2A635B7D}.Debug|Win32.Build.0 = Debug|Win32
		{B60DEB48-1809-4D00-B74E-120D2A635B7D}.Release|Win32.ActiveCfg = Release|Win32
		{B60DEB48-1809-4D00-B74E-120D2A635B7D}.Release|Win32.Build.0 = Release|Win32
		{A93B9B44-408C-4C8F-86D4-75D6E588D86D}.Debug|Win32.ActiveCfg = Debug|Win32
		{A93B9B44-408C-4C8F-86D4-75D6E588D86D}.Debug|Win32.Build.0 = Debug|Win32
		{A93B9B44-408C-4C8F-86D4-75D6E588D86D}.Release|Win32.ActiveCfg = Release|Win32
		{A93B9B44-408C-4C8F-86D4-75D6E588D86D}.Release|Win32.Build.0 = Release|Win32
		{5F65013C-F329-4EFA-BF84-C7C27BFC1DC3}.Debug|Win32.ActiveCfg = Debug|Win32
		{5F65013C-F329-4EFA-BF84-C7C27BFC1DC3}.Debug|Win32.Build.0 = Debug|Win32
		{5F65013C-F329-4EFA-BF84-C7C27BFC1DC3}.Release|Win32.ActiveCfg = Release|Win32
		{5F65013C-F329-4EFA-BF84-C7C27BFC1DC3}.Release|Win32.Build.0 = Release|Win32
		{FE01F058-C22C-491B-AAC6-DAD61D2319FC}.Debug|Win32.ActiveCfg = Debug|Win32
		{FE01F058-C22C-491B-AAC6-DAD61D2319FC}.Debug|Win32.Build.0 = Debug|Win32
		{FE01F058-C22C-491B-AAC6-DAD61D2319FC}.Release|Win32.ActiveCfg = Release|Win32
		{FE01F058-C22C-491B-AAC6-DAD61D2319FC}.Release|Win32.Build.0 = Release|Win32
		{C4A06B15-87EB-4049-B5F4-31020246518F}.Debug|Win32.ActiveCfg = Debug|Win32
		{C4A06B15-87EB-4049-B5F4-31020246518F}.Debug|Win32.Build.0 = Debug|Win32
		{C4A06B15-87EB-4049-B5F4-31020246518F}.Release|Win32.ActiveCfg = Release|Win32
		{C4A06B15-87EB-4049-B5F4-31020246518F}.Release|Win32.Build.0 = Release|Win32
		{0E368B14-DAC5-4F14-B990-7E57213D741C}.Debug|Win32.ActiveCfg = Debug|Win32
		{0E368B14-DAC5-4F14-B990-7E57213D741C}.Debug|Win32.Build.0 = Debug|Win32
		{0E368B14-DAC5-4F14-B990-7E57213D741C}.Release|Win32.ActiveCfg = Release|Win32
		{0E368B14-DAC5-4F14-B990-7E57213D741C}.Release|Win32.Build.0 = Release|Win32
		{0348E8BB-A582-42C1-9F0F-E2D9EF423BCC}.Debug|Win32.ActiveCfg = Debug|Win32
		{0348E8BB-A582-42C1-9F0F-E2D9EF423BCC}.Debug|Win32.Build.0 = Debug|Win32
		{0348E8BB-A582-42C1-9F0F-E2D9EF423BCC}.Release|Win32.ActiveCfg = Release|Win32
		{0348E8BB-A582-42C1-9F0F-E2D9EF423BCC}.Release|Win32.Build.0 = Release|Win32
		{81F05F99-80BD-42F6-83DF-DF536A0C136F}.Debug|Win32.ActiveCfg = Debug|Win32
		{81F05F99-80BD-42F6-83DF-DF536A0C136F}.Debug|Win32.Build.0 = Debug|Win32
		{81F05F99-80BD-42F6-83DF-DF536A0C136F}.Release|Win32.ActiveCfg = Release|Win32
		{81F05F99-80BD-42F6-83DF-DF536A0C136F}.Release|Win32.Build.0 = Release|Win32
		{56A13079-C2A6-4A7A-8062-79FF7A1DD995}.Debug|Win32.ActiveCfg = Debug|Win32
		{56A13079-C2A6-4A7A-8062-79FF7A1DD995}.Debug|Win32.Build.0 = Debug|Win32
		{56A13079-C2A6-4A7A-8062-79FF7A1DD995}.Release|Win32.ActiveCfg = Release|Win32
		{56A13079-C2A6-4A7A-8062-79FF7A1DD995}.Release|Win32.Build.0 = Release|Win32
		{0A03AAE5-54C1-413F-93A5-9EBA84E750F8}.Debug|Win32.ActiveCfg = Debug|Win32
		{0A03AAE5-54C1-413F-93A5-9EBA84E750F8}.Debug|Win32.Build.0 = Debug|Win32
		{0A03AAE5-54C1-413F-93A5-9EBA84E750F8}.Release|Win32.ActiveCfg = Release|Win32
		{0A03AAE5-54C1-413F-93A5-9EBA84E750F8}.Release|Win32.Build.0 = Release|Win32
		{62225E8E-A25B-47D4-A44F-54454E68D143}.Debug|Win32.ActiveCfg = Debug|Win32
		{62225E8E-A25B-47D4-A44F-54454E68D143}.Debug|Win32.Build.0 = Debug|Win32
		{62225E8E-A25B-47D4-A44F-54454E68D143}.Release|Win32.ActiveCfg = Release|Win32
		{62225E8E-A25B-47D4-A44F-54454E68D143}.Release|Win32.Build.0 = Release|Win32
		{ED1A533A-04D4-466C-9E04-7CF4A4838D19}.Debug|Win32.ActiveCfg = Debug|Win32
		{ED1A533A-04D4-466C-9E04-7CF4A4838D19}.Debug|Win32.Build.0 = Debug|Win32
		{ED1A533A-04D4-466C-9E04-7CF4A4838D19}.Release|Win32.ActiveCfg = Release|Win32
		{ED1A533A-04D4-466C-9E04-7CF4A4838D19}.Release|Win32.Build.0 = Release|Win32
		{6B71B693-4F4E-4B7B-9A85-8E0C7703FDA6}.Debug|Win32.ActiveCfg = Debug|Win32
		{6B71B693-4F4E-4B7B-9A85-8E0C7703FDA6}.Debug|Win32.Build.0 = Debug|Win32
		{6B71B693-4F4E-4B7B-9A85-8E0C7703FDA6}.Release|Win32.ActiveCfg = Release|Win32
		{6B71B693-4F4E-4B7B-9A85-8E0C7703FDA6}.Release|Win32.Build.0 = Release|Win32
		{A582D52D-7871-46E0-A5FC-48FD0AAC8FAB}.Debug|Win32.ActiveCfg = Debug|Win32
		{A582D52D-7871-46E0-A5FC-48FD0AAC8FAB}.Debug|Win32.Build.0 = Debug|Win32
		{A582D52D-7871-46E0-A5FC-48FD0AAC8FAB}.Release|Win32.ActiveCfg = Release|Win32
		{A582D52D-7871-46E0-A5FC-48FD0AAC8FAB}.Release|Win32.Build.0 = Release|Win32
		{25AFCE9D-C423-4D7F-9E18-E1DFC7F64DAA}.Debug|Win32.ActiveCfg = Debug|Win32
		{25AFCE9D-C423-4D7F-9E18-E1DFC7F64DAA}.Debug|Win32.Build.0 = Debug|Win32
		{25AFCE9D-C423-4D7F-9E18-E1DFC7F64DAA}.Release|Win32.ActiveCfg = Release|Win32
		{25AFCE9D-C423-4D7F-9E18-E1DFC7F64DAA}.Release|Win32.Build.0 = Release|Win32
		{EA3CC0AA-C5F3-4BFB-8E69-BF17AF7FBB91}.Debug|Win32.ActiveCfg = Debug|Win32
		{EA3CC0AA-C5F3-4BFB-8E69-BF17AF7FBB91}.Debug|Win32.Build.0 = Debug|Win32
		{EA3CC0AA-C5F3-4BFB-8E69-BF17AF7FBB91}.Release|Win32.ActiveCfg = Release|Win32
		{EA3CC0AA-C5F3-4BFB-8E69-BF17AF7FBB91}.Release|Win32.Build.0 = Release|Win32
		{15B8BD74-22BB-430A-B8A7-918D99E1994B}.Debug|Win32.ActiveCfg = Debug|Win32
		{15B8BD74-22BB-430A-B8A7-918D99E1994B}.Debug|Win32.Build.0 = Debug|Win32
		{15B8BD74-22BB-430A-B8A7-918D99E1994B}.Release|Win32.ActiveCfg = Release|Win32
		{15B8BD74-22BB-430A-B8A7-918D99E1994B}.Release|Win32.Build.0 = Release|Win32
		{D69ADC5A-4450-40B4-9864-24906F02C40D}.Debug|Win32.ActiveCfg = Debug|Win32
		{D69ADC5A-4450-40B4-9864-24906F02C40D}.Debug|Win32.Build.0 = Debug|Win32
		{D69ADC5A-4450-40B4-9864-24906F02C40D}.Release|Win32.ActiveCfg = Release|Win32
		{D69ADC5A-4450-40B4-9864-24906F02C40D}.Release|Win32.Build.0 = Release|Win32
		{B135B300-B1AA-4668-9E2A-604E5EF723A0}.Debug|Win32.ActiveCfg = Debug|Win32
		{B135B300-B1AA-4668-9E2A-604E5EF723A0}.Debug|Win32.Build.0 = Debug|Win32
		{B135B300-B1AA-4668-9E2A-604E5EF723A0}.Release|Win32.ActiveCfg = Release|Win32
		{B135B300-B1AA-4668-9E2A-604E5EF723A0}.Release|Win32.Build.0 = Release|Win32
		{97570C5C-07F0-41E4-BD4A-390073B66CE2}.Debug|Win32.ActiveCfg = Debug|Win32
		{97570C5C-07F0-41E4-BD4A-390073B66CE2}.Debug|Win32.Build.0 = Debug|Win32
		{97570C5C-07F0-41E4-BD4A-390073B66CE2}.Release|Win32.ActiveCfg = Release|Win32
		{97570C5C-07F0-41E4-BD4A-390073B66CE2}.Release|Win32.Build.0 = Release|Win32
		{004FE35D-3FFB-4752-B0F1-61FC2994D0E4}.Debug|Win32.ActiveCfg = Debug|Win32
		{004FE35D-3FFB-4752-B0F1-61FC2994D0E4}.Debug|Win32.Build.0 = Debug|Win32
		{004FE35D-3FFB-4752-B0F1-61FC2994D0E4}.Release|Win32.ActiveCfg = Release|Win32
		{004FE35D-3FFB-4752-B0F1-61FC2994D0E4}.Release|Win32.Build.0 = Release|Win32
		{2959F1EC-E898-4908-8FC9-F6879318E1C4}.Debug|Win32.ActiveCfg = Debug|Win32
		{2959F1EC-E898-4908-8FC9-F6879318E1C4}.Debug|Win32.Build.0 = Debug|Win32
		{2959F1EC-E898-4908-8FC9-F6879318E1C4}.Release|Win32.ActiveCfg = Release|Win32
		{2959F1EC-E898-4908-8FC9-F6879318E1C4}.Release|Win32.Build.0 = Release|Win32
		{02955BA6-6041-442C-B97A-5ACB0A0C000D}.Debug|Win32.ActiveCfg = Debug|Win32
		{02955BA6-6041-442C-B97A-5ACB0A0C000D}.Debug|Win32.Build.0 = Debug|Win32
		{02955BA6-6041-442C-B97A-5ACB0A0C000D}.Release|Win32.ActiveCfg = Release|Win32
		{02955BA6-6041-442C-B97A-5ACB0A0C000D}.Release|Win32.Build.0 = Release|Win32
		{A964B7C2-B312-435E-9A58-F9D56E59A23B}.Debug|Win32.ActiveCfg = Debug|Win32
		{A964B7C2-B312-435E-9A58-F9D56E59A23B}.Debug|Win32.Build.0 = Debug|Win32
		{A964B7C2-B312-435E-9A58-F9D56E59A23B}.Release|Win32.ActiveCfg = Release|Win32
		{A964B7C2-B312-435E-9A58-F9D56E59A23B}.Release|Win32.Build.0 = Release|Win32
		{64A61CD2-4272-42B3-BB70-8879D2EEC08E}.Debug|Win32.ActiveCfg = Debug|Win32
		{64A61CD2-4272-42B3-BB70-8879D2EEC08E}.Debug|Win32.Build.0 = Debug|Win32
		{64A61CD2-4272-42B3-BB70-8879D2EEC08E}.Release|Win32.ActiveCfg = Release|Win32
		{64A61CD2-4272-42B3-BB70-8879D2EEC08E}.Release|Win32.Build.0 = Release|Win32
		{5384B371-DA6A-4BE6-8DD2-70B8507851A9}.Debug|Win32.ActiveCfg = Debug|Win32
		{5384B371-DA6A-4BE6-8DD2-70B8507851A9}.Debug|Win32.Build.0 = Debug|Win32
		{5384B371-DA6A-4BE6-8DD2-70B8507851A9}.Release|Win32.ActiveCfg = Release|Win32
		{5384B371-DA6A-4BE6-8DD2-70B8507851A9}.Release|Win32.Build.0 = Release|Win32
		{AC6A3B68-F4F5-426A-BFD3-86A1582F222D}.Debug|Win32.ActiveCfg = Debug|Win32
		{AC6A3B68-F4F5-426A-BFD3-86A1582F222D}.Debug|Win32.Build.0 = Debug|Win32
		{AC6A3B68-F4F5-426A-BFD3-86A1582F222D}.Release|Win32.ActiveCfg = Release|Win32
		{AC6A3B68-F4F5-426A-BFD3-86A1582F222D}.Release|Win32.Build.0 = Release|Win32
		{30CA6C8F-7BB6-4FD0-B95F-98B5A261D469}.Debug|Win32.ActiveCfg = Debug|Win32
		{30CA6C8F-7BB6-4FD0-B95F-98B5A261D469}.Debug|Win32.Build.0 = Debug|Win32
		{30CA6C8F-7BB6-4FD0-B95F-98B5A261D469}.Release|Win32.ActiveCfg = Release|Win32
		{30CA6C8F-7BB6-4FD0-B95F-98B5A261D469}.Release|Win32.Build.0 = Release|Win32
		{2E015131-158C-4E9C-8EA7-34D84CDD59CF}.Debug|Win32.ActiveCfg = Debug|Win32
		{2E015131-158C-4E9C-8EA7-34D84CDD59CF}.Debug|Win32.Build.0 = Debug|Win32
		{2E015131-158C-4E9C-8EA7-34D84CDD59CF}.Release|Win32.ActiveCfg = Release|Win32
		{2E015131-158C-4E9C-8EA7-34D84CDD59CF}.Release|Win32.Build.0 = Release|Win32
		{D92B78AF-7DEC-4254-822C-9427DF2047F2}.Debug|Win32.ActiveCfg = Debug|Win32
		{D92B78AF-7DEC-4254-822C-9427DF2047F2}.Debug|Win32.Build.0 = Debug|Win32
		{D92B78AF-7DEC-4254-822C-9427DF2047F2}.Release|Win32.ActiveCfg = Release|Win32
		{D92B78AF-7DEC-4254-822C-9427DF2047F2}.Release|Win32.Build.0 = Release|Win32
		{4DE624AE-AB44-4380-A5C9-09C02FF22844}.Debug|Win32.ActiveCfg = Debug|Win32
		{4DE624AE-AB44-4380-A5C9-09C02FF22844}.Debug|Win32.Build.0 = Debug|Win32
		{4DE624AE-AB44-4380-A5C9-09C02FF22844}.Release|Win32.ActiveCfg = Release|Win32
		{4DE624AE-AB44-4380-A5C9-09C02FF22844}.Release|Win32.Build.0 = Release|Win32
		{2FC8470D-93B4-4AEB-A8B3-6532044AB98D}.Debug|Win32.ActiveCfg = Debug|Win32
		{2FC8470D-93B4-4AEB-A8B3-6532044AB98D}.Debug|Win32.Build.0 = Debug|Win32
		{2FC8470D-93B4-4AEB-A8B3-6532044AB98D}.Release|Win32.ActiveCfg = Release|Win32
		{2FC8470D-93B4-4AEB-A8B3-6532044AB98D}.Release|Win32.Build.0 = Release|Win32
		{599D3733-3378-4BAF-A66F-DE9021CD8109}.Debug|Win32.ActiveCfg = Debug|Win32
		{599D3733-3378-4BAF-A66F-DE9021CD8109}.Debug|Win32.Build.0 = Debug|Win32
		{599D3733-3378-4BAF-A66F-DE9021CD8109}.Release|Win32.ActiveCfg = Release|Win32
		{599D3733-3378-4BAF-A66F-DE9021CD8109}.Release|Win32.Build.0 = Release|Win32
		{93336A77-F44A-455B-9890-572D4905CDF8}.Debug|Win32.ActiveCfg = Debug|Win32
		{93336A77-F44A-455B-9890-572D4905CDF8}.Debug|Win32.Build.0 = Debug|Win32
		{93336A77-F44A-455B-9890-572D4905CDF8}.Release|Win32.ActiveCfg = Release|Win32
		{93336A77-F44A-455B-9890-572D4905CDF8}.Release|Win32.Build.0 = Release|Win32
		{20C7E7A5-5719-4187-819E-8E131EAB9126}.Debug|Win32.ActiveCfg = Debug|Win32
		{20C7E7A5-5719-4187-819E-8E131EAB9126}.Debug|Win32.Build.0 = Debug|Win32
		{20C7E7A5-5719-4187-819E-8E131EAB9126}.Release|Win32.ActiveCfg = Release|Win32
		{20C7E7A5-5719-4187-819E-8E131EAB9126}.Release|Win32.Build.0 = Release|Win32
		{1114E09E-3F16-4E95-A74D-1ABD0340555B}.Debug|Win32.ActiveCfg = Debug|Win32
		{1114E09E-3F16-4E95-A74D-1ABD0340555B}.Debug|Win32.Build.0 = Debug|Win32
		{1114E09E-3F16-4E95-A74D-1ABD0340555B}.Release|Win32.ActiveCfg = Release|Win32
		{1114E09E-3F16-4E95-A74D-1ABD0340555B}.Release|Win32.Build.0 = Release|Win32
		{5DC2F67D-1B86-4015-9E85-D06BF3D8CC9E}.Debug|Win32.ActiveCfg = Debug|Win32
		{5DC2F67D-1B86-4015-9E85-D06BF3D8CC9E}.Debug|Win32.Build.0 = Debug|Win32
		{5DC2F67D-1B86-4015-9E85-D06BF3D8CC9E}.Release|Win32.ActiveCfg = Release|Win32
		{5DC2F67D-1B86-4015-9E85-D06BF3D8CC9E}.Release|Win32.Build.0 = Release|Win32
		{4DB24EE9-8518-4BB6-93C3-3FBCB0D660E1}.Debug|Win32.ActiveCfg = Debug|Win32
		{4DB24EE9-8518-4BB6-93C3-3FBCB0D660E1}.Debug|Win32.Build.0 = Debug|Win32
		{4DB24EE9-8518-4BB6-93C3-3FBCB0D660E1}.Release|Win32.ActiveCfg = Release|Win32
		{4DB24EE9-8518-4BB6-93C3-3FBCB0D660E1}.Release|Win32.Build.0 = Release|Win32
	EndGlobalSection
	GlobalSection(SolutionProperties) = preSolution
		HideSolutionNode = FALSE
	EndGlobalSection
EndGlobal
